// !$*UTF8*$!
{
	archiveVersion = 1;
	classes = {
	};
	objectVersion = 48;
	objects = {

/* Begin PBXBuildFile section */
		060E715E1FBA4BBF00898592 /* ShopCell.swift in Sources */ = {isa = PBXBuildFile; fileRef = 060E715D1FBA4BBF00898592 /* ShopCell.swift */; };
		060E71601FBA4BE300898592 /* Shop.swift in Sources */ = {isa = PBXBuildFile; fileRef = 060E715F1FBA4BE300898592 /* Shop.swift */; };
		060E71661FBA5D8500898592 /* Photo.swift in Sources */ = {isa = PBXBuildFile; fileRef = 060E71651FBA5D8500898592 /* Photo.swift */; };
		060E71681FBA5D9D00898592 /* WorkingDay.swift in Sources */ = {isa = PBXBuildFile; fileRef = 060E71671FBA5D9D00898592 /* WorkingDay.swift */; };
		060E716A1FBA5E0600898592 /* Location.swift in Sources */ = {isa = PBXBuildFile; fileRef = 060E71691FBA5E0600898592 /* Location.swift */; };
		060E716C1FBA61AD00898592 /* DoubleHandler.swift in Sources */ = {isa = PBXBuildFile; fileRef = 060E716B1FBA61AD00898592 /* DoubleHandler.swift */; };
		0612E92C20058FE60063E806 /* Pods_greenBook.framework in Resources */ = {isa = PBXBuildFile; fileRef = A5D1424DDD0B6708674BC58E /* Pods_greenBook.framework */; };
		0615D4A91FC771000097313A /* PlaceholderTextView.swift in Sources */ = {isa = PBXBuildFile; fileRef = 0615D4A81FC771000097313A /* PlaceholderTextView.swift */; };
		0615D4AB1FC7776B0097313A /* AddReviewViewController.swift in Sources */ = {isa = PBXBuildFile; fileRef = 0615D4AA1FC7776B0097313A /* AddReviewViewController.swift */; };
		0615D4AD1FC77BA70097313A /* ReviewsManager.swift in Sources */ = {isa = PBXBuildFile; fileRef = 0615D4AC1FC77BA70097313A /* ReviewsManager.swift */; };
		061B1AF71FD8A8B600499817 /* ShopReviewCellWithReply.xib in Resources */ = {isa = PBXBuildFile; fileRef = 061B1AF61FD8A8B600499817 /* ShopReviewCellWithReply.xib */; };
		061B1AF91FD8B0D300499817 /* ShopReviewCellWriteReply.xib in Resources */ = {isa = PBXBuildFile; fileRef = 061B1AF81FD8B0D300499817 /* ShopReviewCellWriteReply.xib */; };
		06386C5E1FC797580036E8DE /* ProfileHeaderCell.swift in Sources */ = {isa = PBXBuildFile; fileRef = 06386C5D1FC797580036E8DE /* ProfileHeaderCell.swift */; };
		06386C601FC797FB0036E8DE /* ProfileViewController.swift in Sources */ = {isa = PBXBuildFile; fileRef = 06386C5F1FC797FB0036E8DE /* ProfileViewController.swift */; };
		06386C621FC79A7F0036E8DE /* ProfileMenuCell.swift in Sources */ = {isa = PBXBuildFile; fileRef = 06386C611FC79A7F0036E8DE /* ProfileMenuCell.swift */; };
		0646ACB71FB3D078007760EE /* AbstractFormViewController.swift in Sources */ = {isa = PBXBuildFile; fileRef = 0646ACB61FB3D078007760EE /* AbstractFormViewController.swift */; };
		0646ACB91FB3D25B007760EE /* StringCheckers.swift in Sources */ = {isa = PBXBuildFile; fileRef = 0646ACB81FB3D25B007760EE /* StringCheckers.swift */; };
		0650F3141FB5CE65006A00F7 /* SignupViewController.swift in Sources */ = {isa = PBXBuildFile; fileRef = 0650F3131FB5CE65006A00F7 /* SignupViewController.swift */; };
		0650F3161FB5CE73006A00F7 /* AbstractScrollableViewController.swift in Sources */ = {isa = PBXBuildFile; fileRef = 0650F3151FB5CE73006A00F7 /* AbstractScrollableViewController.swift */; };
		0661F1AA1FD5FEAE00EA9F14 /* Photo.swift in Sources */ = {isa = PBXBuildFile; fileRef = 060E71651FBA5D8500898592 /* Photo.swift */; };
		0661F1AB1FD5FEAE00EA9F14 /* ShopManager.swift in Sources */ = {isa = PBXBuildFile; fileRef = 0691241E1FBA6E700022D063 /* ShopManager.swift */; };
		0661F1AC1FD5FEAE00EA9F14 /* LoginViewController.swift in Sources */ = {isa = PBXBuildFile; fileRef = 066670CE1FAE780600739695 /* LoginViewController.swift */; };
		0661F1AD1FD5FEAE00EA9F14 /* BorderedView.swift in Sources */ = {isa = PBXBuildFile; fileRef = 066670D61FAE7E1F00739695 /* BorderedView.swift */; };
		0661F1AE1FD5FEAE00EA9F14 /* ViewController.swift in Sources */ = {isa = PBXBuildFile; fileRef = 06B3C40E1FA7E88600D02947 /* ViewController.swift */; };
		0661F1AF1FD5FEAE00EA9F14 /* CircularImage.swift in Sources */ = {isa = PBXBuildFile; fileRef = 066670D31FAE7E1F00739695 /* CircularImage.swift */; };
		0661F1B01FD5FEAE00EA9F14 /* ProfileMenuCell.swift in Sources */ = {isa = PBXBuildFile; fileRef = 06386C611FC79A7F0036E8DE /* ProfileMenuCell.swift */; };
		0661F1B11FD5FEAE00EA9F14 /* CircularLabel.swift in Sources */ = {isa = PBXBuildFile; fileRef = 066670D41FAE7E1F00739695 /* CircularLabel.swift */; };
		0661F1B21FD5FEAE00EA9F14 /* Constants.swift in Sources */ = {isa = PBXBuildFile; fileRef = 06B3C43D1FA7F44F00D02947 /* Constants.swift */; };
		0661F1B31FD5FEAE00EA9F14 /* AbstractViewController.swift in Sources */ = {isa = PBXBuildFile; fileRef = 06B3C4201FA7E8FC00D02947 /* AbstractViewController.swift */; };
		0661F1B41FD5FEAE00EA9F14 /* ShopView.swift in Sources */ = {isa = PBXBuildFile; fileRef = 06A1E2731FBFDABB005F618A /* ShopView.swift */; };
		0661F1B51FD5FEAE00EA9F14 /* WorkingDay.swift in Sources */ = {isa = PBXBuildFile; fileRef = 060E71671FBA5D9D00898592 /* WorkingDay.swift */; };
		0661F1B61FD5FEAE00EA9F14 /* DetailsViewController.swift in Sources */ = {isa = PBXBuildFile; fileRef = 06A1E27A1FBFE78B005F618A /* DetailsViewController.swift */; };
		0661F1B71FD5FEAE00EA9F14 /* GMSPlaceAutoComplete.swift in Sources */ = {isa = PBXBuildFile; fileRef = 0662060F1FD227E10044C1F6 /* GMSPlaceAutoComplete.swift */; };
		0661F1B81FD5FEAE00EA9F14 /* PlaceholderTextView.swift in Sources */ = {isa = PBXBuildFile; fileRef = 0615D4A81FC771000097313A /* PlaceholderTextView.swift */; };
		0661F1B91FD5FEAE00EA9F14 /* GBError.swift in Sources */ = {isa = PBXBuildFile; fileRef = 06B3C4391FA7F2C700D02947 /* GBError.swift */; };
		0661F1BA1FD5FEAE00EA9F14 /* ShopDetailCell.swift in Sources */ = {isa = PBXBuildFile; fileRef = 06C87F021FC10C1400EE7A97 /* ShopDetailCell.swift */; };
		0661F1BB1FD5FEAE00EA9F14 /* ShopViewController.swift in Sources */ = {isa = PBXBuildFile; fileRef = 06A1E2771FBFE444005F618A /* ShopViewController.swift */; };
		0661F1BC1FD5FEAE00EA9F14 /* UpdateProfileViewController.swift in Sources */ = {isa = PBXBuildFile; fileRef = 06DB954E1FC7AFAA0012ED2F /* UpdateProfileViewController.swift */; };
		0661F1BD1FD5FEAE00EA9F14 /* ProfileHeaderCell.swift in Sources */ = {isa = PBXBuildFile; fileRef = 06386C5D1FC797580036E8DE /* ProfileHeaderCell.swift */; };
		0661F1BE1FD5FEAE00EA9F14 /* ShopReviewCell.swift in Sources */ = {isa = PBXBuildFile; fileRef = 0695772E1FC22A2700DCB24D /* ShopReviewCell.swift */; };
		0661F1BF1FD5FEAE00EA9F14 /* ShopReview.swift in Sources */ = {isa = PBXBuildFile; fileRef = 069577271FC2258D00DCB24D /* ShopReview.swift */; };
		0661F1C01FD5FEAE00EA9F14 /* ShopMarkerInfoView.swift in Sources */ = {isa = PBXBuildFile; fileRef = 06ECB4F61FD23F3300B48B53 /* ShopMarkerInfoView.swift */; };
		0661F1C11FD5FEAE00EA9F14 /* AddReviewViewController.swift in Sources */ = {isa = PBXBuildFile; fileRef = 0615D4AA1FC7776B0097313A /* AddReviewViewController.swift */; };
		0661F1C21FD5FEAE00EA9F14 /* UserManager.swift in Sources */ = {isa = PBXBuildFile; fileRef = 06B3C42F1FA7F14F00D02947 /* UserManager.swift */; };
		0661F1C31FD5FEAE00EA9F14 /* DoubleHandler.swift in Sources */ = {isa = PBXBuildFile; fileRef = 060E716B1FBA61AD00898592 /* DoubleHandler.swift */; };
		0661F1C41FD5FEAE00EA9F14 /* Response.swift in Sources */ = {isa = PBXBuildFile; fileRef = 06B3C43B1FA7F3DA00D02947 /* Response.swift */; };
		0661F1C51FD5FEAE00EA9F14 /* SegmentCollectionCell.swift in Sources */ = {isa = PBXBuildFile; fileRef = 06B952E71FC03E3F00DF556F /* SegmentCollectionCell.swift */; };
		0661F1C61FD5FEAE00EA9F14 /* ProfileViewController.swift in Sources */ = {isa = PBXBuildFile; fileRef = 06386C5F1FC797FB0036E8DE /* ProfileViewController.swift */; };
		0661F1C71FD5FEAE00EA9F14 /* DateFormat.swift in Sources */ = {isa = PBXBuildFile; fileRef = 0695772A1FC2270D00DCB24D /* DateFormat.swift */; };
		0661F1C81FD5FEAE00EA9F14 /* StringCheckers.swift in Sources */ = {isa = PBXBuildFile; fileRef = 0646ACB81FB3D25B007760EE /* StringCheckers.swift */; };
		0661F1C91FD5FEAE00EA9F14 /* AbstractScrollableViewController.swift in Sources */ = {isa = PBXBuildFile; fileRef = 0650F3151FB5CE73006A00F7 /* AbstractScrollableViewController.swift */; };
		0661F1CA1FD5FEAE00EA9F14 /* ViewControllerExtension.swift in Sources */ = {isa = PBXBuildFile; fileRef = 06B952E91FC0447600DF556F /* ViewControllerExtension.swift */; };
		0661F1CB1FD5FEAE00EA9F14 /* AbstractSegmentedBarViewController.swift in Sources */ = {isa = PBXBuildFile; fileRef = 06A1E2751FBFE37F005F618A /* AbstractSegmentedBarViewController.swift */; };
		0661F1CC1FD5FEAE00EA9F14 /* User.swift in Sources */ = {isa = PBXBuildFile; fileRef = 06B3C42D1FA7EAD100D02947 /* User.swift */; };
		0661F1CD1FD5FEAE00EA9F14 /* ShopCell.swift in Sources */ = {isa = PBXBuildFile; fileRef = 060E715D1FBA4BBF00898592 /* ShopCell.swift */; };
		0661F1CE1FD5FEAE00EA9F14 /* CategoryManager.swift in Sources */ = {isa = PBXBuildFile; fileRef = 06FCAF9F1FB901C60099685A /* CategoryManager.swift */; };
		0661F1CF1FD5FEAE00EA9F14 /* AppDelegate.swift in Sources */ = {isa = PBXBuildFile; fileRef = 06B3C40C1FA7E88600D02947 /* AppDelegate.swift */; };
		0661F1D01FD5FEAE00EA9F14 /* ShopGalleryViewController.swift in Sources */ = {isa = PBXBuildFile; fileRef = 06C87F041FC1178800EE7A97 /* ShopGalleryViewController.swift */; };
		0661F1D11FD5FEAE00EA9F14 /* SearchViewController.swift in Sources */ = {isa = PBXBuildFile; fileRef = 06FCAFA41FB906880099685A /* SearchViewController.swift */; };
		0661F1D21FD5FEAE00EA9F14 /* FavouriteShopsViewController.swift in Sources */ = {isa = PBXBuildFile; fileRef = 06C276D51FC764D50062F09E /* FavouriteShopsViewController.swift */; };
		0661F1D31FD5FEAE00EA9F14 /* ImageUploader.swift in Sources */ = {isa = PBXBuildFile; fileRef = 067853121FC43F49007D4884 /* ImageUploader.swift */; };
		0661F1D41FD5FEAE00EA9F14 /* ShopReviewsViewController.swift in Sources */ = {isa = PBXBuildFile; fileRef = 0695772C1FC2287100DCB24D /* ShopReviewsViewController.swift */; };
		0661F1D51FD5FEAE00EA9F14 /* ReviewsManager.swift in Sources */ = {isa = PBXBuildFile; fileRef = 0615D4AC1FC77BA70097313A /* ReviewsManager.swift */; };
		0661F1D61FD5FEAE00EA9F14 /* RoundedView.swift in Sources */ = {isa = PBXBuildFile; fileRef = 066670D51FAE7E1F00739695 /* RoundedView.swift */; };
		0661F1D71FD5FEAE00EA9F14 /* UserSession.swift in Sources */ = {isa = PBXBuildFile; fileRef = 06B3C4291FA7E9F800D02947 /* UserSession.swift */; };
		0661F1D81FD5FEAE00EA9F14 /* SignupViewController.swift in Sources */ = {isa = PBXBuildFile; fileRef = 0650F3131FB5CE65006A00F7 /* SignupViewController.swift */; };
		0661F1D91FD5FEAE00EA9F14 /* Location.swift in Sources */ = {isa = PBXBuildFile; fileRef = 060E71691FBA5E0600898592 /* Location.swift */; };
		0661F1DA1FD5FEAE00EA9F14 /* BaseModel.swift in Sources */ = {isa = PBXBuildFile; fileRef = 06B3C42B1FA7EA6200D02947 /* BaseModel.swift */; };
		0661F1DB1FD5FEAE00EA9F14 /* BorderlessView.swift in Sources */ = {isa = PBXBuildFile; fileRef = 066670D21FAE7E1F00739695 /* BorderlessView.swift */; };
		0661F1DC1FD5FEAE00EA9F14 /* AbstractFormViewController.swift in Sources */ = {isa = PBXBuildFile; fileRef = 0646ACB61FB3D078007760EE /* AbstractFormViewController.swift */; };
		0661F1DD1FD5FEAE00EA9F14 /* AbstractManager.swift in Sources */ = {isa = PBXBuildFile; fileRef = 06B3C4311FA7F1B500D02947 /* AbstractManager.swift */; };
		0661F1DE1FD5FEAE00EA9F14 /* Shop.swift in Sources */ = {isa = PBXBuildFile; fileRef = 060E715F1FBA4BE300898592 /* Shop.swift */; };
		0661F1DF1FD5FEAE00EA9F14 /* RoundedButton.swift in Sources */ = {isa = PBXBuildFile; fileRef = 066670D01FAE7A3800739695 /* RoundedButton.swift */; };
		0661F1E01FD5FEAE00EA9F14 /* SearchMapViewController.swift in Sources */ = {isa = PBXBuildFile; fileRef = 06ECB4F41FD2340E00B48B53 /* SearchMapViewController.swift */; };
		0661F1E11FD5FEAE00EA9F14 /* Category.swift in Sources */ = {isa = PBXBuildFile; fileRef = 06FCAFA11FB901D00099685A /* Category.swift */; };
		0661F1E31FD5FEAE00EA9F14 /* MapKit.framework in Frameworks */ = {isa = PBXBuildFile; fileRef = 06ECB4FA1FD24A7100B48B53 /* MapKit.framework */; };
		0661F1E61FD5FEAE00EA9F14 /* OpenSans-Italic.ttf in Resources */ = {isa = PBXBuildFile; fileRef = 066670BC1FAE76BA00739695 /* OpenSans-Italic.ttf */; };
		0661F1E71FD5FEAE00EA9F14 /* ShopReviewCell.xib in Resources */ = {isa = PBXBuildFile; fileRef = 069577251FC21D0200DCB24D /* ShopReviewCell.xib */; };
		0661F1E81FD5FEAE00EA9F14 /* OpenSans-BoldItalic.ttf in Resources */ = {isa = PBXBuildFile; fileRef = 066670B91FAE76BA00739695 /* OpenSans-BoldItalic.ttf */; };
		0661F1E91FD5FEAE00EA9F14 /* LaunchScreen.storyboard in Resources */ = {isa = PBXBuildFile; fileRef = 06B3C4151FA7E88600D02947 /* LaunchScreen.storyboard */; };
		0661F1EA1FD5FEAE00EA9F14 /* ShopMarkerInfoView.xib in Resources */ = {isa = PBXBuildFile; fileRef = 06ECB4F81FD23F5D00B48B53 /* ShopMarkerInfoView.xib */; };
		0661F1EB1FD5FEAE00EA9F14 /* ShopView.xib in Resources */ = {isa = PBXBuildFile; fileRef = 06A1E2711FBFDA55005F618A /* ShopView.xib */; };
		0661F1EC1FD5FEAE00EA9F14 /* OpenSans-Semibold.ttf in Resources */ = {isa = PBXBuildFile; fileRef = 066670C01FAE76BA00739695 /* OpenSans-Semibold.ttf */; };
		0661F1ED1FD5FEAE00EA9F14 /* OpenSans-ExtraBold.ttf in Resources */ = {isa = PBXBuildFile; fileRef = 066670BA1FAE76BA00739695 /* OpenSans-ExtraBold.ttf */; };
		0661F1EF1FD5FEAE00EA9F14 /* Apache License.txt in Resources */ = {isa = PBXBuildFile; fileRef = 066670B71FAE76BA00739695 /* Apache License.txt */; };
		0661F1F01FD5FEAE00EA9F14 /* OpenSans-LightItalic.ttf in Resources */ = {isa = PBXBuildFile; fileRef = 066670BE1FAE76BA00739695 /* OpenSans-LightItalic.ttf */; };
		0661F1F11FD5FEAE00EA9F14 /* Assets.xcassets in Resources */ = {isa = PBXBuildFile; fileRef = 06B3C4131FA7E88600D02947 /* Assets.xcassets */; };
		0661F1F21FD5FEAE00EA9F14 /* SegmentCollectionCell.xib in Resources */ = {isa = PBXBuildFile; fileRef = 06B952E51FC03DB400DF556F /* SegmentCollectionCell.xib */; };
		0661F1F31FD5FEAE00EA9F14 /* OpenSans-Bold.ttf in Resources */ = {isa = PBXBuildFile; fileRef = 066670B81FAE76BA00739695 /* OpenSans-Bold.ttf */; };
		0661F1F41FD5FEAE00EA9F14 /* Main.storyboard in Resources */ = {isa = PBXBuildFile; fileRef = 06B3C4101FA7E88600D02947 /* Main.storyboard */; };
		0661F1F51FD5FEAE00EA9F14 /* OpenSans-SemiboldItalic.ttf in Resources */ = {isa = PBXBuildFile; fileRef = 066670C11FAE76BA00739695 /* OpenSans-SemiboldItalic.ttf */; };
		0661F1F61FD5FEAE00EA9F14 /* OpenSans-Light.ttf in Resources */ = {isa = PBXBuildFile; fileRef = 066670BD1FAE76BA00739695 /* OpenSans-Light.ttf */; };
		0661F1F71FD5FEAE00EA9F14 /* OpenSans-Regular.ttf in Resources */ = {isa = PBXBuildFile; fileRef = 066670BF1FAE76BA00739695 /* OpenSans-Regular.ttf */; };
		0661F1F81FD5FEAE00EA9F14 /* OpenSans-ExtraBoldItalic.ttf in Resources */ = {isa = PBXBuildFile; fileRef = 066670BB1FAE76BA00739695 /* OpenSans-ExtraBoldItalic.ttf */; };
		0661F2011FD5FEEA00EA9F14 /* GoogleService-Info.plist in Resources */ = {isa = PBXBuildFile; fileRef = 0661F2001FD5FEEA00EA9F14 /* GoogleService-Info.plist */; };
		0661F2031FD5FF0800EA9F14 /* GoogleService-Info.plist in Resources */ = {isa = PBXBuildFile; fileRef = 0661F2021FD5FF0800EA9F14 /* GoogleService-Info.plist */; };
		066206101FD227E10044C1F6 /* GMSPlaceAutoComplete.swift in Sources */ = {isa = PBXBuildFile; fileRef = 0662060F1FD227E10044C1F6 /* GMSPlaceAutoComplete.swift */; };
		066670C21FAE76BA00739695 /* Apache License.txt in Resources */ = {isa = PBXBuildFile; fileRef = 066670B71FAE76BA00739695 /* Apache License.txt */; };
		066670C31FAE76BA00739695 /* OpenSans-Bold.ttf in Resources */ = {isa = PBXBuildFile; fileRef = 066670B81FAE76BA00739695 /* OpenSans-Bold.ttf */; };
		066670C41FAE76BA00739695 /* OpenSans-BoldItalic.ttf in Resources */ = {isa = PBXBuildFile; fileRef = 066670B91FAE76BA00739695 /* OpenSans-BoldItalic.ttf */; };
		066670C51FAE76BA00739695 /* OpenSans-ExtraBold.ttf in Resources */ = {isa = PBXBuildFile; fileRef = 066670BA1FAE76BA00739695 /* OpenSans-ExtraBold.ttf */; };
		066670C61FAE76BA00739695 /* OpenSans-ExtraBoldItalic.ttf in Resources */ = {isa = PBXBuildFile; fileRef = 066670BB1FAE76BA00739695 /* OpenSans-ExtraBoldItalic.ttf */; };
		066670C71FAE76BA00739695 /* OpenSans-Italic.ttf in Resources */ = {isa = PBXBuildFile; fileRef = 066670BC1FAE76BA00739695 /* OpenSans-Italic.ttf */; };
		066670C81FAE76BA00739695 /* OpenSans-Light.ttf in Resources */ = {isa = PBXBuildFile; fileRef = 066670BD1FAE76BA00739695 /* OpenSans-Light.ttf */; };
		066670C91FAE76BA00739695 /* OpenSans-LightItalic.ttf in Resources */ = {isa = PBXBuildFile; fileRef = 066670BE1FAE76BA00739695 /* OpenSans-LightItalic.ttf */; };
		066670CA1FAE76BA00739695 /* OpenSans-Regular.ttf in Resources */ = {isa = PBXBuildFile; fileRef = 066670BF1FAE76BA00739695 /* OpenSans-Regular.ttf */; };
		066670CB1FAE76BA00739695 /* OpenSans-Semibold.ttf in Resources */ = {isa = PBXBuildFile; fileRef = 066670C01FAE76BA00739695 /* OpenSans-Semibold.ttf */; };
		066670CC1FAE76BA00739695 /* OpenSans-SemiboldItalic.ttf in Resources */ = {isa = PBXBuildFile; fileRef = 066670C11FAE76BA00739695 /* OpenSans-SemiboldItalic.ttf */; };
		066670CF1FAE780600739695 /* LoginViewController.swift in Sources */ = {isa = PBXBuildFile; fileRef = 066670CE1FAE780600739695 /* LoginViewController.swift */; };
		066670D11FAE7A3800739695 /* RoundedButton.swift in Sources */ = {isa = PBXBuildFile; fileRef = 066670D01FAE7A3800739695 /* RoundedButton.swift */; };
		066670D71FAE7E2000739695 /* BorderlessView.swift in Sources */ = {isa = PBXBuildFile; fileRef = 066670D21FAE7E1F00739695 /* BorderlessView.swift */; };
		066670D81FAE7E2000739695 /* CircularImage.swift in Sources */ = {isa = PBXBuildFile; fileRef = 066670D31FAE7E1F00739695 /* CircularImage.swift */; };
		066670D91FAE7E2000739695 /* CircularLabel.swift in Sources */ = {isa = PBXBuildFile; fileRef = 066670D41FAE7E1F00739695 /* CircularLabel.swift */; };
		066670DA1FAE7E2000739695 /* RoundedView.swift in Sources */ = {isa = PBXBuildFile; fileRef = 066670D51FAE7E1F00739695 /* RoundedView.swift */; };
		066670DB1FAE7E2000739695 /* BorderedView.swift in Sources */ = {isa = PBXBuildFile; fileRef = 066670D61FAE7E1F00739695 /* BorderedView.swift */; };
		067853131FC43F49007D4884 /* ImageUploader.swift in Sources */ = {isa = PBXBuildFile; fileRef = 067853121FC43F49007D4884 /* ImageUploader.swift */; };
		0691241F1FBA6E700022D063 /* ShopManager.swift in Sources */ = {isa = PBXBuildFile; fileRef = 0691241E1FBA6E700022D063 /* ShopManager.swift */; };
		069577261FC21D0200DCB24D /* ShopReviewCell.xib in Resources */ = {isa = PBXBuildFile; fileRef = 069577251FC21D0200DCB24D /* ShopReviewCell.xib */; };
		069577281FC2258D00DCB24D /* ShopReview.swift in Sources */ = {isa = PBXBuildFile; fileRef = 069577271FC2258D00DCB24D /* ShopReview.swift */; };
		0695772B1FC2270D00DCB24D /* DateFormat.swift in Sources */ = {isa = PBXBuildFile; fileRef = 0695772A1FC2270D00DCB24D /* DateFormat.swift */; };
		0695772D1FC2287100DCB24D /* ShopReviewsViewController.swift in Sources */ = {isa = PBXBuildFile; fileRef = 0695772C1FC2287100DCB24D /* ShopReviewsViewController.swift */; };
		0695772F1FC22A2700DCB24D /* ShopReviewCell.swift in Sources */ = {isa = PBXBuildFile; fileRef = 0695772E1FC22A2700DCB24D /* ShopReviewCell.swift */; };
		06A1E2721FBFDA55005F618A /* ShopView.xib in Resources */ = {isa = PBXBuildFile; fileRef = 06A1E2711FBFDA55005F618A /* ShopView.xib */; };
		06A1E2741FBFDABB005F618A /* ShopView.swift in Sources */ = {isa = PBXBuildFile; fileRef = 06A1E2731FBFDABB005F618A /* ShopView.swift */; };
		06A1E2761FBFE37F005F618A /* AbstractSegmentedBarViewController.swift in Sources */ = {isa = PBXBuildFile; fileRef = 06A1E2751FBFE37F005F618A /* AbstractSegmentedBarViewController.swift */; };
		06A1E2781FBFE444005F618A /* ShopViewController.swift in Sources */ = {isa = PBXBuildFile; fileRef = 06A1E2771FBFE444005F618A /* ShopViewController.swift */; };
		06A1E27B1FBFE78B005F618A /* DetailsViewController.swift in Sources */ = {isa = PBXBuildFile; fileRef = 06A1E27A1FBFE78B005F618A /* DetailsViewController.swift */; };
		06B3C40D1FA7E88600D02947 /* AppDelegate.swift in Sources */ = {isa = PBXBuildFile; fileRef = 06B3C40C1FA7E88600D02947 /* AppDelegate.swift */; };
		06B3C40F1FA7E88600D02947 /* ViewController.swift in Sources */ = {isa = PBXBuildFile; fileRef = 06B3C40E1FA7E88600D02947 /* ViewController.swift */; };
		06B3C4121FA7E88600D02947 /* Main.storyboard in Resources */ = {isa = PBXBuildFile; fileRef = 06B3C4101FA7E88600D02947 /* Main.storyboard */; };
		06B3C4141FA7E88600D02947 /* Assets.xcassets in Resources */ = {isa = PBXBuildFile; fileRef = 06B3C4131FA7E88600D02947 /* Assets.xcassets */; };
		06B3C4171FA7E88600D02947 /* LaunchScreen.storyboard in Resources */ = {isa = PBXBuildFile; fileRef = 06B3C4151FA7E88600D02947 /* LaunchScreen.storyboard */; };
		06B3C4211FA7E8FC00D02947 /* AbstractViewController.swift in Sources */ = {isa = PBXBuildFile; fileRef = 06B3C4201FA7E8FC00D02947 /* AbstractViewController.swift */; };
		06B3C42A1FA7E9F800D02947 /* UserSession.swift in Sources */ = {isa = PBXBuildFile; fileRef = 06B3C4291FA7E9F800D02947 /* UserSession.swift */; };
		06B3C42C1FA7EA6200D02947 /* BaseModel.swift in Sources */ = {isa = PBXBuildFile; fileRef = 06B3C42B1FA7EA6200D02947 /* BaseModel.swift */; };
		06B3C42E1FA7EAD100D02947 /* User.swift in Sources */ = {isa = PBXBuildFile; fileRef = 06B3C42D1FA7EAD100D02947 /* User.swift */; };
		06B3C4301FA7F14F00D02947 /* UserManager.swift in Sources */ = {isa = PBXBuildFile; fileRef = 06B3C42F1FA7F14F00D02947 /* UserManager.swift */; };
		06B3C4321FA7F1B500D02947 /* AbstractManager.swift in Sources */ = {isa = PBXBuildFile; fileRef = 06B3C4311FA7F1B500D02947 /* AbstractManager.swift */; };
		06B3C43A1FA7F2C700D02947 /* GBError.swift in Sources */ = {isa = PBXBuildFile; fileRef = 06B3C4391FA7F2C700D02947 /* GBError.swift */; };
		06B3C43C1FA7F3DA00D02947 /* Response.swift in Sources */ = {isa = PBXBuildFile; fileRef = 06B3C43B1FA7F3DA00D02947 /* Response.swift */; };
		06B3C43E1FA7F44F00D02947 /* Constants.swift in Sources */ = {isa = PBXBuildFile; fileRef = 06B3C43D1FA7F44F00D02947 /* Constants.swift */; };
		06B952E61FC03DB400DF556F /* SegmentCollectionCell.xib in Resources */ = {isa = PBXBuildFile; fileRef = 06B952E51FC03DB400DF556F /* SegmentCollectionCell.xib */; };
		06B952E81FC03E3F00DF556F /* SegmentCollectionCell.swift in Sources */ = {isa = PBXBuildFile; fileRef = 06B952E71FC03E3F00DF556F /* SegmentCollectionCell.swift */; };
		06B952EA1FC0447600DF556F /* ViewControllerExtension.swift in Sources */ = {isa = PBXBuildFile; fileRef = 06B952E91FC0447600DF556F /* ViewControllerExtension.swift */; };
		06C276D61FC764D50062F09E /* FavouriteShopsViewController.swift in Sources */ = {isa = PBXBuildFile; fileRef = 06C276D51FC764D50062F09E /* FavouriteShopsViewController.swift */; };
		06C87F031FC10C1400EE7A97 /* ShopDetailCell.swift in Sources */ = {isa = PBXBuildFile; fileRef = 06C87F021FC10C1400EE7A97 /* ShopDetailCell.swift */; };
		06C87F051FC1178800EE7A97 /* ShopGalleryViewController.swift in Sources */ = {isa = PBXBuildFile; fileRef = 06C87F041FC1178800EE7A97 /* ShopGalleryViewController.swift */; };
		06DB954F1FC7AFAA0012ED2F /* UpdateProfileViewController.swift in Sources */ = {isa = PBXBuildFile; fileRef = 06DB954E1FC7AFAA0012ED2F /* UpdateProfileViewController.swift */; };
		06ECB4F51FD2340E00B48B53 /* SearchMapViewController.swift in Sources */ = {isa = PBXBuildFile; fileRef = 06ECB4F41FD2340E00B48B53 /* SearchMapViewController.swift */; };
		06ECB4F71FD23F3300B48B53 /* ShopMarkerInfoView.swift in Sources */ = {isa = PBXBuildFile; fileRef = 06ECB4F61FD23F3300B48B53 /* ShopMarkerInfoView.swift */; };
		06ECB4F91FD23F5D00B48B53 /* ShopMarkerInfoView.xib in Resources */ = {isa = PBXBuildFile; fileRef = 06ECB4F81FD23F5D00B48B53 /* ShopMarkerInfoView.xib */; };
		06ECB4FB1FD24A7100B48B53 /* MapKit.framework in Frameworks */ = {isa = PBXBuildFile; fileRef = 06ECB4FA1FD24A7100B48B53 /* MapKit.framework */; };
		06FCAFA01FB901C60099685A /* CategoryManager.swift in Sources */ = {isa = PBXBuildFile; fileRef = 06FCAF9F1FB901C60099685A /* CategoryManager.swift */; };
		06FCAFA21FB901D00099685A /* Category.swift in Sources */ = {isa = PBXBuildFile; fileRef = 06FCAFA11FB901D00099685A /* Category.swift */; };
		06FCAFA51FB906880099685A /* SearchViewController.swift in Sources */ = {isa = PBXBuildFile; fileRef = 06FCAFA41FB906880099685A /* SearchViewController.swift */; };
		7F3C49E2CFA9FC3D78E87E03 /* Pods_greenBook.framework in Frameworks */ = {isa = PBXBuildFile; fileRef = A5D1424DDD0B6708674BC58E /* Pods_greenBook.framework */; };
		D52DE84886DB9D27C197B2E1 /* Pods_greenBook.framework in Frameworks */ = {isa = PBXBuildFile; fileRef = A5D1424DDD0B6708674BC58E /* Pods_greenBook.framework */; };
/* End PBXBuildFile section */

/* Begin PBXFileReference section */
		0602F4D41FDA1D1200829347 /* greenBook.entitlements */ = {isa = PBXFileReference; lastKnownFileType = text.plist.entitlements; path = greenBook.entitlements; sourceTree = "<group>"; };
		0602F4D51FDA28AE00829347 /* greenBook-staging.entitlements */ = {isa = PBXFileReference; lastKnownFileType = text.plist.entitlements; path = "greenBook-staging.entitlements"; sourceTree = "<group>"; };
		060E715D1FBA4BBF00898592 /* ShopCell.swift */ = {isa = PBXFileReference; lastKnownFileType = sourcecode.swift; path = ShopCell.swift; sourceTree = "<group>"; };
		060E715F1FBA4BE300898592 /* Shop.swift */ = {isa = PBXFileReference; lastKnownFileType = sourcecode.swift; path = Shop.swift; sourceTree = "<group>"; };
		060E71651FBA5D8500898592 /* Photo.swift */ = {isa = PBXFileReference; lastKnownFileType = sourcecode.swift; path = Photo.swift; sourceTree = "<group>"; };
		060E71671FBA5D9D00898592 /* WorkingDay.swift */ = {isa = PBXFileReference; lastKnownFileType = sourcecode.swift; path = WorkingDay.swift; sourceTree = "<group>"; };
		060E71691FBA5E0600898592 /* Location.swift */ = {isa = PBXFileReference; lastKnownFileType = sourcecode.swift; path = Location.swift; sourceTree = "<group>"; };
		060E716B1FBA61AD00898592 /* DoubleHandler.swift */ = {isa = PBXFileReference; lastKnownFileType = sourcecode.swift; path = DoubleHandler.swift; sourceTree = "<group>"; };
		0615D4A81FC771000097313A /* PlaceholderTextView.swift */ = {isa = PBXFileReference; lastKnownFileType = sourcecode.swift; path = PlaceholderTextView.swift; sourceTree = "<group>"; };
		0615D4AA1FC7776B0097313A /* AddReviewViewController.swift */ = {isa = PBXFileReference; lastKnownFileType = sourcecode.swift; path = AddReviewViewController.swift; sourceTree = "<group>"; };
		0615D4AC1FC77BA70097313A /* ReviewsManager.swift */ = {isa = PBXFileReference; lastKnownFileType = sourcecode.swift; path = ReviewsManager.swift; sourceTree = "<group>"; };
		061B1AF61FD8A8B600499817 /* ShopReviewCellWithReply.xib */ = {isa = PBXFileReference; fileEncoding = 4; lastKnownFileType = file.xib; path = ShopReviewCellWithReply.xib; sourceTree = "<group>"; };
		061B1AF81FD8B0D300499817 /* ShopReviewCellWriteReply.xib */ = {isa = PBXFileReference; fileEncoding = 4; lastKnownFileType = file.xib; path = ShopReviewCellWriteReply.xib; sourceTree = "<group>"; };
		06386C5D1FC797580036E8DE /* ProfileHeaderCell.swift */ = {isa = PBXFileReference; lastKnownFileType = sourcecode.swift; path = ProfileHeaderCell.swift; sourceTree = "<group>"; };
		06386C5F1FC797FB0036E8DE /* ProfileViewController.swift */ = {isa = PBXFileReference; lastKnownFileType = sourcecode.swift; path = ProfileViewController.swift; sourceTree = "<group>"; };
		06386C611FC79A7F0036E8DE /* ProfileMenuCell.swift */ = {isa = PBXFileReference; lastKnownFileType = sourcecode.swift; path = ProfileMenuCell.swift; sourceTree = "<group>"; };
		0646ACB61FB3D078007760EE /* AbstractFormViewController.swift */ = {isa = PBXFileReference; lastKnownFileType = sourcecode.swift; path = AbstractFormViewController.swift; sourceTree = "<group>"; };
		0646ACB81FB3D25B007760EE /* StringCheckers.swift */ = {isa = PBXFileReference; lastKnownFileType = sourcecode.swift; path = StringCheckers.swift; sourceTree = "<group>"; };
		0650F3131FB5CE65006A00F7 /* SignupViewController.swift */ = {isa = PBXFileReference; lastKnownFileType = sourcecode.swift; path = SignupViewController.swift; sourceTree = "<group>"; };
		0650F3151FB5CE73006A00F7 /* AbstractScrollableViewController.swift */ = {isa = PBXFileReference; lastKnownFileType = sourcecode.swift; path = AbstractScrollableViewController.swift; sourceTree = "<group>"; };
		0661F1FE1FD5FEAE00EA9F14 /* greenBook-staging.app */ = {isa = PBXFileReference; explicitFileType = wrapper.application; includeInIndex = 0; path = "greenBook-staging.app"; sourceTree = BUILT_PRODUCTS_DIR; };
		0661F1FF1FD5FEAE00EA9F14 /* greenBook copy-Info.plist */ = {isa = PBXFileReference; lastKnownFileType = text.plist.xml; name = "greenBook copy-Info.plist"; path = "/Users/mostafa/ios/Badeeb/greenBook/greenBook copy-Info.plist"; sourceTree = "<absolute>"; };
		0661F2001FD5FEEA00EA9F14 /* GoogleService-Info.plist */ = {isa = PBXFileReference; fileEncoding = 4; lastKnownFileType = text.plist.xml; name = "GoogleService-Info.plist"; path = "prod/GoogleService-Info.plist"; sourceTree = "<group>"; };
		0661F2021FD5FF0800EA9F14 /* GoogleService-Info.plist */ = {isa = PBXFileReference; fileEncoding = 4; lastKnownFileType = text.plist.xml; name = "GoogleService-Info.plist"; path = "staging/GoogleService-Info.plist"; sourceTree = "<group>"; };
		0662060F1FD227E10044C1F6 /* GMSPlaceAutoComplete.swift */ = {isa = PBXFileReference; lastKnownFileType = sourcecode.swift; path = GMSPlaceAutoComplete.swift; sourceTree = "<group>"; };
		066670B71FAE76BA00739695 /* Apache License.txt */ = {isa = PBXFileReference; fileEncoding = 4; lastKnownFileType = text; path = "Apache License.txt"; sourceTree = "<group>"; };
		066670B81FAE76BA00739695 /* OpenSans-Bold.ttf */ = {isa = PBXFileReference; lastKnownFileType = file; path = "OpenSans-Bold.ttf"; sourceTree = "<group>"; };
		066670B91FAE76BA00739695 /* OpenSans-BoldItalic.ttf */ = {isa = PBXFileReference; lastKnownFileType = file; path = "OpenSans-BoldItalic.ttf"; sourceTree = "<group>"; };
		066670BA1FAE76BA00739695 /* OpenSans-ExtraBold.ttf */ = {isa = PBXFileReference; lastKnownFileType = file; path = "OpenSans-ExtraBold.ttf"; sourceTree = "<group>"; };
		066670BB1FAE76BA00739695 /* OpenSans-ExtraBoldItalic.ttf */ = {isa = PBXFileReference; lastKnownFileType = file; path = "OpenSans-ExtraBoldItalic.ttf"; sourceTree = "<group>"; };
		066670BC1FAE76BA00739695 /* OpenSans-Italic.ttf */ = {isa = PBXFileReference; lastKnownFileType = file; path = "OpenSans-Italic.ttf"; sourceTree = "<group>"; };
		066670BD1FAE76BA00739695 /* OpenSans-Light.ttf */ = {isa = PBXFileReference; lastKnownFileType = file; path = "OpenSans-Light.ttf"; sourceTree = "<group>"; };
		066670BE1FAE76BA00739695 /* OpenSans-LightItalic.ttf */ = {isa = PBXFileReference; lastKnownFileType = file; path = "OpenSans-LightItalic.ttf"; sourceTree = "<group>"; };
		066670BF1FAE76BA00739695 /* OpenSans-Regular.ttf */ = {isa = PBXFileReference; lastKnownFileType = file; path = "OpenSans-Regular.ttf"; sourceTree = "<group>"; };
		066670C01FAE76BA00739695 /* OpenSans-Semibold.ttf */ = {isa = PBXFileReference; lastKnownFileType = file; path = "OpenSans-Semibold.ttf"; sourceTree = "<group>"; };
		066670C11FAE76BA00739695 /* OpenSans-SemiboldItalic.ttf */ = {isa = PBXFileReference; lastKnownFileType = file; path = "OpenSans-SemiboldItalic.ttf"; sourceTree = "<group>"; };
		066670CE1FAE780600739695 /* LoginViewController.swift */ = {isa = PBXFileReference; lastKnownFileType = sourcecode.swift; path = LoginViewController.swift; sourceTree = "<group>"; };
		066670D01FAE7A3800739695 /* RoundedButton.swift */ = {isa = PBXFileReference; lastKnownFileType = sourcecode.swift; path = RoundedButton.swift; sourceTree = "<group>"; };
		066670D21FAE7E1F00739695 /* BorderlessView.swift */ = {isa = PBXFileReference; fileEncoding = 4; lastKnownFileType = sourcecode.swift; path = BorderlessView.swift; sourceTree = "<group>"; };
		066670D31FAE7E1F00739695 /* CircularImage.swift */ = {isa = PBXFileReference; fileEncoding = 4; lastKnownFileType = sourcecode.swift; path = CircularImage.swift; sourceTree = "<group>"; };
		066670D41FAE7E1F00739695 /* CircularLabel.swift */ = {isa = PBXFileReference; fileEncoding = 4; lastKnownFileType = sourcecode.swift; path = CircularLabel.swift; sourceTree = "<group>"; };
		066670D51FAE7E1F00739695 /* RoundedView.swift */ = {isa = PBXFileReference; fileEncoding = 4; lastKnownFileType = sourcecode.swift; path = RoundedView.swift; sourceTree = "<group>"; };
		066670D61FAE7E1F00739695 /* BorderedView.swift */ = {isa = PBXFileReference; fileEncoding = 4; lastKnownFileType = sourcecode.swift; path = BorderedView.swift; sourceTree = "<group>"; };
		067853121FC43F49007D4884 /* ImageUploader.swift */ = {isa = PBXFileReference; fileEncoding = 4; lastKnownFileType = sourcecode.swift; path = ImageUploader.swift; sourceTree = "<group>"; };
		0691241E1FBA6E700022D063 /* ShopManager.swift */ = {isa = PBXFileReference; lastKnownFileType = sourcecode.swift; path = ShopManager.swift; sourceTree = "<group>"; };
		069577251FC21D0200DCB24D /* ShopReviewCell.xib */ = {isa = PBXFileReference; lastKnownFileType = file.xib; path = ShopReviewCell.xib; sourceTree = "<group>"; };
		069577271FC2258D00DCB24D /* ShopReview.swift */ = {isa = PBXFileReference; lastKnownFileType = sourcecode.swift; path = ShopReview.swift; sourceTree = "<group>"; };
		0695772A1FC2270D00DCB24D /* DateFormat.swift */ = {isa = PBXFileReference; fileEncoding = 4; lastKnownFileType = sourcecode.swift; path = DateFormat.swift; sourceTree = "<group>"; };
		0695772C1FC2287100DCB24D /* ShopReviewsViewController.swift */ = {isa = PBXFileReference; lastKnownFileType = sourcecode.swift; path = ShopReviewsViewController.swift; sourceTree = "<group>"; };
		0695772E1FC22A2700DCB24D /* ShopReviewCell.swift */ = {isa = PBXFileReference; lastKnownFileType = sourcecode.swift; path = ShopReviewCell.swift; sourceTree = "<group>"; };
		06A1E2711FBFDA55005F618A /* ShopView.xib */ = {isa = PBXFileReference; lastKnownFileType = file.xib; path = ShopView.xib; sourceTree = "<group>"; };
		06A1E2731FBFDABB005F618A /* ShopView.swift */ = {isa = PBXFileReference; fileEncoding = 4; lastKnownFileType = sourcecode.swift; path = ShopView.swift; sourceTree = "<group>"; };
		06A1E2751FBFE37F005F618A /* AbstractSegmentedBarViewController.swift */ = {isa = PBXFileReference; fileEncoding = 4; lastKnownFileType = sourcecode.swift; path = AbstractSegmentedBarViewController.swift; sourceTree = "<group>"; };
		06A1E2771FBFE444005F618A /* ShopViewController.swift */ = {isa = PBXFileReference; lastKnownFileType = sourcecode.swift; path = ShopViewController.swift; sourceTree = "<group>"; };
		06A1E27A1FBFE78B005F618A /* DetailsViewController.swift */ = {isa = PBXFileReference; lastKnownFileType = sourcecode.swift; path = DetailsViewController.swift; sourceTree = "<group>"; };
		06B3C4091FA7E88600D02947 /* greenBook.app */ = {isa = PBXFileReference; explicitFileType = wrapper.application; includeInIndex = 0; path = greenBook.app; sourceTree = BUILT_PRODUCTS_DIR; };
		06B3C40C1FA7E88600D02947 /* AppDelegate.swift */ = {isa = PBXFileReference; lastKnownFileType = sourcecode.swift; path = AppDelegate.swift; sourceTree = "<group>"; };
		06B3C40E1FA7E88600D02947 /* ViewController.swift */ = {isa = PBXFileReference; lastKnownFileType = sourcecode.swift; path = ViewController.swift; sourceTree = "<group>"; };
		06B3C4111FA7E88600D02947 /* Base */ = {isa = PBXFileReference; lastKnownFileType = file.storyboard; name = Base; path = Base.lproj/Main.storyboard; sourceTree = "<group>"; };
		06B3C4131FA7E88600D02947 /* Assets.xcassets */ = {isa = PBXFileReference; lastKnownFileType = folder.assetcatalog; path = Assets.xcassets; sourceTree = "<group>"; };
		06B3C4161FA7E88600D02947 /* Base */ = {isa = PBXFileReference; lastKnownFileType = file.storyboard; name = Base; path = Base.lproj/LaunchScreen.storyboard; sourceTree = "<group>"; };
		06B3C4181FA7E88600D02947 /* Info.plist */ = {isa = PBXFileReference; lastKnownFileType = text.plist.xml; path = Info.plist; sourceTree = "<group>"; };
		06B3C4201FA7E8FC00D02947 /* AbstractViewController.swift */ = {isa = PBXFileReference; lastKnownFileType = sourcecode.swift; path = AbstractViewController.swift; sourceTree = "<group>"; };
		06B3C4291FA7E9F800D02947 /* UserSession.swift */ = {isa = PBXFileReference; lastKnownFileType = sourcecode.swift; path = UserSession.swift; sourceTree = "<group>"; };
		06B3C42B1FA7EA6200D02947 /* BaseModel.swift */ = {isa = PBXFileReference; lastKnownFileType = sourcecode.swift; path = BaseModel.swift; sourceTree = "<group>"; };
		06B3C42D1FA7EAD100D02947 /* User.swift */ = {isa = PBXFileReference; lastKnownFileType = sourcecode.swift; path = User.swift; sourceTree = "<group>"; };
		06B3C42F1FA7F14F00D02947 /* UserManager.swift */ = {isa = PBXFileReference; lastKnownFileType = sourcecode.swift; path = UserManager.swift; sourceTree = "<group>"; };
		06B3C4311FA7F1B500D02947 /* AbstractManager.swift */ = {isa = PBXFileReference; lastKnownFileType = sourcecode.swift; path = AbstractManager.swift; sourceTree = "<group>"; };
		06B3C4391FA7F2C700D02947 /* GBError.swift */ = {isa = PBXFileReference; lastKnownFileType = sourcecode.swift; path = GBError.swift; sourceTree = "<group>"; };
		06B3C43B1FA7F3DA00D02947 /* Response.swift */ = {isa = PBXFileReference; lastKnownFileType = sourcecode.swift; path = Response.swift; sourceTree = "<group>"; };
		06B3C43D1FA7F44F00D02947 /* Constants.swift */ = {isa = PBXFileReference; lastKnownFileType = sourcecode.swift; path = Constants.swift; sourceTree = "<group>"; };
		06B952E51FC03DB400DF556F /* SegmentCollectionCell.xib */ = {isa = PBXFileReference; lastKnownFileType = file.xib; path = SegmentCollectionCell.xib; sourceTree = "<group>"; };
		06B952E71FC03E3F00DF556F /* SegmentCollectionCell.swift */ = {isa = PBXFileReference; lastKnownFileType = sourcecode.swift; path = SegmentCollectionCell.swift; sourceTree = "<group>"; };
		06B952E91FC0447600DF556F /* ViewControllerExtension.swift */ = {isa = PBXFileReference; lastKnownFileType = sourcecode.swift; path = ViewControllerExtension.swift; sourceTree = "<group>"; };
		06C276D51FC764D50062F09E /* FavouriteShopsViewController.swift */ = {isa = PBXFileReference; lastKnownFileType = sourcecode.swift; path = FavouriteShopsViewController.swift; sourceTree = "<group>"; };
		06C87F021FC10C1400EE7A97 /* ShopDetailCell.swift */ = {isa = PBXFileReference; lastKnownFileType = sourcecode.swift; path = ShopDetailCell.swift; sourceTree = "<group>"; };
		06C87F041FC1178800EE7A97 /* ShopGalleryViewController.swift */ = {isa = PBXFileReference; lastKnownFileType = sourcecode.swift; path = ShopGalleryViewController.swift; sourceTree = "<group>"; };
		06DB954E1FC7AFAA0012ED2F /* UpdateProfileViewController.swift */ = {isa = PBXFileReference; lastKnownFileType = sourcecode.swift; path = UpdateProfileViewController.swift; sourceTree = "<group>"; };
		06ECB4F41FD2340E00B48B53 /* SearchMapViewController.swift */ = {isa = PBXFileReference; lastKnownFileType = sourcecode.swift; path = SearchMapViewController.swift; sourceTree = "<group>"; };
		06ECB4F61FD23F3300B48B53 /* ShopMarkerInfoView.swift */ = {isa = PBXFileReference; lastKnownFileType = sourcecode.swift; path = ShopMarkerInfoView.swift; sourceTree = "<group>"; };
		06ECB4F81FD23F5D00B48B53 /* ShopMarkerInfoView.xib */ = {isa = PBXFileReference; lastKnownFileType = file.xib; path = ShopMarkerInfoView.xib; sourceTree = "<group>"; };
		06ECB4FA1FD24A7100B48B53 /* MapKit.framework */ = {isa = PBXFileReference; lastKnownFileType = wrapper.framework; name = MapKit.framework; path = System/Library/Frameworks/MapKit.framework; sourceTree = SDKROOT; };
		06FCAF9F1FB901C60099685A /* CategoryManager.swift */ = {isa = PBXFileReference; lastKnownFileType = sourcecode.swift; path = CategoryManager.swift; sourceTree = "<group>"; };
		06FCAFA11FB901D00099685A /* Category.swift */ = {isa = PBXFileReference; lastKnownFileType = sourcecode.swift; path = Category.swift; sourceTree = "<group>"; };
		06FCAFA41FB906880099685A /* SearchViewController.swift */ = {isa = PBXFileReference; lastKnownFileType = sourcecode.swift; path = SearchViewController.swift; sourceTree = "<group>"; };
		0B6095AAA06FFBD027C864CF /* Pods-greenBook.debug.xcconfig */ = {isa = PBXFileReference; includeInIndex = 1; lastKnownFileType = text.xcconfig; name = "Pods-greenBook.debug.xcconfig"; path = "Pods/Target Support Files/Pods-greenBook/Pods-greenBook.debug.xcconfig"; sourceTree = "<group>"; };
		40E19ECF8A5142CD83BA9475 /* Pods-greenBook.release.xcconfig */ = {isa = PBXFileReference; includeInIndex = 1; lastKnownFileType = text.xcconfig; name = "Pods-greenBook.release.xcconfig"; path = "Pods/Target Support Files/Pods-greenBook/Pods-greenBook.release.xcconfig"; sourceTree = "<group>"; };
		A5D1424DDD0B6708674BC58E /* Pods_greenBook.framework */ = {isa = PBXFileReference; explicitFileType = wrapper.framework; includeInIndex = 0; path = Pods_greenBook.framework; sourceTree = BUILT_PRODUCTS_DIR; };
/* End PBXFileReference section */

/* Begin PBXFrameworksBuildPhase section */
		0661F1E21FD5FEAE00EA9F14 /* Frameworks */ = {
			isa = PBXFrameworksBuildPhase;
			buildActionMask = 2147483647;
			files = (
				0661F1E31FD5FEAE00EA9F14 /* MapKit.framework in Frameworks */,
			);
			runOnlyForDeploymentPostprocessing = 0;
		};
		06B3C4061FA7E88500D02947 /* Frameworks */ = {
			isa = PBXFrameworksBuildPhase;
			buildActionMask = 2147483647;
			files = (
				06ECB4FB1FD24A7100B48B53 /* MapKit.framework in Frameworks */,
				7F3C49E2CFA9FC3D78E87E03 /* Pods_greenBook.framework in Frameworks */,
				D52DE84886DB9D27C197B2E1 /* Pods_greenBook.framework in Frameworks */,
			);
			runOnlyForDeploymentPostprocessing = 0;
		};
/* End PBXFrameworksBuildPhase section */

/* Begin PBXGroup section */
		066670B51FAE76AE00739695 /* Fonts */ = {
			isa = PBXGroup;
			children = (
				066670B61FAE76BA00739695 /* open-sans */,
			);
			path = Fonts;
			sourceTree = "<group>";
		};
		066670B61FAE76BA00739695 /* open-sans */ = {
			isa = PBXGroup;
			children = (
				066670B71FAE76BA00739695 /* Apache License.txt */,
				066670B81FAE76BA00739695 /* OpenSans-Bold.ttf */,
				066670B91FAE76BA00739695 /* OpenSans-BoldItalic.ttf */,
				066670BA1FAE76BA00739695 /* OpenSans-ExtraBold.ttf */,
				066670BB1FAE76BA00739695 /* OpenSans-ExtraBoldItalic.ttf */,
				066670BC1FAE76BA00739695 /* OpenSans-Italic.ttf */,
				066670BD1FAE76BA00739695 /* OpenSans-Light.ttf */,
				066670BE1FAE76BA00739695 /* OpenSans-LightItalic.ttf */,
				066670BF1FAE76BA00739695 /* OpenSans-Regular.ttf */,
				066670C01FAE76BA00739695 /* OpenSans-Semibold.ttf */,
				066670C11FAE76BA00739695 /* OpenSans-SemiboldItalic.ttf */,
			);
			path = "open-sans";
			sourceTree = "<group>";
		};
		066670CD1FAE77E700739695 /* Authentication */ = {
			isa = PBXGroup;
			children = (
				066670CE1FAE780600739695 /* LoginViewController.swift */,
				0650F3131FB5CE65006A00F7 /* SignupViewController.swift */,
			);
			path = Authentication;
			sourceTree = "<group>";
		};
		069577291FC226F700DCB24D /* Views */ = {
			isa = PBXGroup;
			children = (
				066670D61FAE7E1F00739695 /* BorderedView.swift */,
				066670D21FAE7E1F00739695 /* BorderlessView.swift */,
				066670D31FAE7E1F00739695 /* CircularImage.swift */,
				066670D41FAE7E1F00739695 /* CircularLabel.swift */,
				066670D51FAE7E1F00739695 /* RoundedView.swift */,
				066670D01FAE7A3800739695 /* RoundedButton.swift */,
				0615D4A81FC771000097313A /* PlaceholderTextView.swift */,
			);
			path = Views;
			sourceTree = "<group>";
		};
		06A1E2791FBFE77D005F618A /* Shop */ = {
			isa = PBXGroup;
			children = (
				06A1E2771FBFE444005F618A /* ShopViewController.swift */,
				06A1E27A1FBFE78B005F618A /* DetailsViewController.swift */,
				06C87F041FC1178800EE7A97 /* ShopGalleryViewController.swift */,
				0695772C1FC2287100DCB24D /* ShopReviewsViewController.swift */,
				0615D4AA1FC7776B0097313A /* AddReviewViewController.swift */,
				06ECB4F41FD2340E00B48B53 /* SearchMapViewController.swift */,
			);
			path = Shop;
			sourceTree = "<group>";
		};
		06B3C4001FA7E88500D02947 = {
			isa = PBXGroup;
			children = (
				0602F4D51FDA28AE00829347 /* greenBook-staging.entitlements */,
				0661F2001FD5FEEA00EA9F14 /* GoogleService-Info.plist */,
				0661F2021FD5FF0800EA9F14 /* GoogleService-Info.plist */,
				06B3C40B1FA7E88600D02947 /* greenBook */,
				06B3C40A1FA7E88600D02947 /* Products */,
				69122AD6D69D3EC3349CE450 /* Pods */,
				D64FB349E02D46D269F318BB /* Frameworks */,
				0661F1FF1FD5FEAE00EA9F14 /* greenBook copy-Info.plist */,
			);
			sourceTree = "<group>";
		};
		06B3C40A1FA7E88600D02947 /* Products */ = {
			isa = PBXGroup;
			children = (
				06B3C4091FA7E88600D02947 /* greenBook.app */,
				0661F1FE1FD5FEAE00EA9F14 /* greenBook-staging.app */,
			);
			name = Products;
			sourceTree = "<group>";
		};
		06B3C40B1FA7E88600D02947 /* greenBook */ = {
			isa = PBXGroup;
			children = (
				0602F4D41FDA1D1200829347 /* greenBook.entitlements */,
				06B3C4381FA7F2B600D02947 /* Helpers */,
				06B3C4261FA7E9D000D02947 /* Core */,
				06B3C4251FA7E9C800D02947 /* View */,
				06B3C4361FA7F2A300D02947 /* Utilities */,
				06B3C40E1FA7E88600D02947 /* ViewController.swift */,
				06B3C4371FA7F2AD00D02947 /* Storyboards */,
			);
			path = greenBook;
			sourceTree = "<group>";
		};
		06B3C41E1FA7E8E800D02947 /* Controllers */ = {
			isa = PBXGroup;
			children = (
				06FCAFA31FB9067C0099685A /* Tabs */,
				066670CD1FAE77E700739695 /* Authentication */,
				06B3C41F1FA7E8EE00D02947 /* Abstract Controllers */,
				06A1E2791FBFE77D005F618A /* Shop */,
				06DB954E1FC7AFAA0012ED2F /* UpdateProfileViewController.swift */,
			);
			path = Controllers;
			sourceTree = "<group>";
		};
		06B3C41F1FA7E8EE00D02947 /* Abstract Controllers */ = {
			isa = PBXGroup;
			children = (
				06A1E2751FBFE37F005F618A /* AbstractSegmentedBarViewController.swift */,
				06B3C4201FA7E8FC00D02947 /* AbstractViewController.swift */,
				0646ACB61FB3D078007760EE /* AbstractFormViewController.swift */,
				0650F3151FB5CE73006A00F7 /* AbstractScrollableViewController.swift */,
			);
			path = "Abstract Controllers";
			sourceTree = "<group>";
		};
		06B3C4221FA7E9AE00D02947 /* Extentions */ = {
			isa = PBXGroup;
			children = (
				06B952E91FC0447600DF556F /* ViewControllerExtension.swift */,
				0662060F1FD227E10044C1F6 /* GMSPlaceAutoComplete.swift */,
			);
			path = Extentions;
			sourceTree = "<group>";
		};
		06B3C4231FA7E9B900D02947 /* Views */ = {
			isa = PBXGroup;
			children = (
				06A1E2731FBFDABB005F618A /* ShopView.swift */,
				06ECB4F61FD23F3300B48B53 /* ShopMarkerInfoView.swift */,
			);
			path = Views;
			sourceTree = "<group>";
		};
		06B3C4241FA7E9BE00D02947 /* Cells */ = {
			isa = PBXGroup;
			children = (
				060E715D1FBA4BBF00898592 /* ShopCell.swift */,
				06B952E71FC03E3F00DF556F /* SegmentCollectionCell.swift */,
				06C87F021FC10C1400EE7A97 /* ShopDetailCell.swift */,
				0695772E1FC22A2700DCB24D /* ShopReviewCell.swift */,
				06386C5D1FC797580036E8DE /* ProfileHeaderCell.swift */,
				06386C611FC79A7F0036E8DE /* ProfileMenuCell.swift */,
			);
			path = Cells;
			sourceTree = "<group>";
		};
		06B3C4251FA7E9C800D02947 /* View */ = {
			isa = PBXGroup;
			children = (
				06B3C4241FA7E9BE00D02947 /* Cells */,
				06B3C4231FA7E9B900D02947 /* Views */,
				06B3C4221FA7E9AE00D02947 /* Extentions */,
				06B3C41E1FA7E8E800D02947 /* Controllers */,
			);
			path = View;
			sourceTree = "<group>";
		};
		06B3C4261FA7E9D000D02947 /* Core */ = {
			isa = PBXGroup;
			children = (
				06B3C4281FA7E9E900D02947 /* Managers */,
				06B3C4271FA7E9DC00D02947 /* Models */,
			);
			path = Core;
			sourceTree = "<group>";
		};
		06B3C4271FA7E9DC00D02947 /* Models */ = {
			isa = PBXGroup;
			children = (
				06B3C42B1FA7EA6200D02947 /* BaseModel.swift */,
				06B3C42D1FA7EAD100D02947 /* User.swift */,
				06B3C4391FA7F2C700D02947 /* GBError.swift */,
				06B3C43B1FA7F3DA00D02947 /* Response.swift */,
				06FCAFA11FB901D00099685A /* Category.swift */,
				060E715F1FBA4BE300898592 /* Shop.swift */,
				060E71651FBA5D8500898592 /* Photo.swift */,
				060E71671FBA5D9D00898592 /* WorkingDay.swift */,
				060E71691FBA5E0600898592 /* Location.swift */,
				069577271FC2258D00DCB24D /* ShopReview.swift */,
			);
			path = Models;
			sourceTree = "<group>";
		};
		06B3C4281FA7E9E900D02947 /* Managers */ = {
			isa = PBXGroup;
			children = (
				067853121FC43F49007D4884 /* ImageUploader.swift */,
				06B3C4291FA7E9F800D02947 /* UserSession.swift */,
				06B3C42F1FA7F14F00D02947 /* UserManager.swift */,
				06B3C4311FA7F1B500D02947 /* AbstractManager.swift */,
				06FCAF9F1FB901C60099685A /* CategoryManager.swift */,
				0691241E1FBA6E700022D063 /* ShopManager.swift */,
				0615D4AC1FC77BA70097313A /* ReviewsManager.swift */,
			);
			path = Managers;
			sourceTree = "<group>";
		};
		06B3C4361FA7F2A300D02947 /* Utilities */ = {
			isa = PBXGroup;
			children = (
				066670B51FAE76AE00739695 /* Fonts */,
				06B3C40C1FA7E88600D02947 /* AppDelegate.swift */,
				06B3C4131FA7E88600D02947 /* Assets.xcassets */,
				06B3C4181FA7E88600D02947 /* Info.plist */,
				06B3C43D1FA7F44F00D02947 /* Constants.swift */,
			);
			path = Utilities;
			sourceTree = "<group>";
		};
		06B3C4371FA7F2AD00D02947 /* Storyboards */ = {
			isa = PBXGroup;
			children = (
				061B1AF81FD8B0D300499817 /* ShopReviewCellWriteReply.xib */,
				061B1AF61FD8A8B600499817 /* ShopReviewCellWithReply.xib */,
				06B3C4101FA7E88600D02947 /* Main.storyboard */,
				06B3C4151FA7E88600D02947 /* LaunchScreen.storyboard */,
				06A1E2711FBFDA55005F618A /* ShopView.xib */,
				06B952E51FC03DB400DF556F /* SegmentCollectionCell.xib */,
				069577251FC21D0200DCB24D /* ShopReviewCell.xib */,
				06ECB4F81FD23F5D00B48B53 /* ShopMarkerInfoView.xib */,
			);
			path = Storyboards;
			sourceTree = "<group>";
		};
		06B3C4381FA7F2B600D02947 /* Helpers */ = {
			isa = PBXGroup;
			children = (
				0695772A1FC2270D00DCB24D /* DateFormat.swift */,
				069577291FC226F700DCB24D /* Views */,
				0646ACB81FB3D25B007760EE /* StringCheckers.swift */,
				060E716B1FBA61AD00898592 /* DoubleHandler.swift */,
			);
			path = Helpers;
			sourceTree = "<group>";
		};
		06FCAFA31FB9067C0099685A /* Tabs */ = {
			isa = PBXGroup;
			children = (
				06FCAFA41FB906880099685A /* SearchViewController.swift */,
				06C276D51FC764D50062F09E /* FavouriteShopsViewController.swift */,
				06386C5F1FC797FB0036E8DE /* ProfileViewController.swift */,
			);
			path = Tabs;
			sourceTree = "<group>";
		};
		69122AD6D69D3EC3349CE450 /* Pods */ = {
			isa = PBXGroup;
			children = (
				0B6095AAA06FFBD027C864CF /* Pods-greenBook.debug.xcconfig */,
				40E19ECF8A5142CD83BA9475 /* Pods-greenBook.release.xcconfig */,
			);
			name = Pods;
			sourceTree = "<group>";
		};
		D64FB349E02D46D269F318BB /* Frameworks */ = {
			isa = PBXGroup;
			children = (
				06ECB4FA1FD24A7100B48B53 /* MapKit.framework */,
				A5D1424DDD0B6708674BC58E /* Pods_greenBook.framework */,
			);
			name = Frameworks;
			sourceTree = "<group>";
		};
/* End PBXGroup section */

/* Begin PBXNativeTarget section */
		0661F1A71FD5FEAE00EA9F14 /* greenBook-staging */ = {
			isa = PBXNativeTarget;
			buildConfigurationList = 0661F1FB1FD5FEAE00EA9F14 /* Build configuration list for PBXNativeTarget "greenBook-staging" */;
			buildPhases = (
				0661F1A91FD5FEAE00EA9F14 /* Sources */,
				0661F1E21FD5FEAE00EA9F14 /* Frameworks */,
				0661F1E51FD5FEAE00EA9F14 /* Resources */,
			);
			buildRules = (
			);
			dependencies = (
			);
			name = "greenBook-staging";
			productName = greenBook;
			productReference = 0661F1FE1FD5FEAE00EA9F14 /* greenBook-staging.app */;
			productType = "com.apple.product-type.application";
		};
		06B3C4081FA7E88500D02947 /* greenBook */ = {
			isa = PBXNativeTarget;
			buildConfigurationList = 06B3C41B1FA7E88600D02947 /* Build configuration list for PBXNativeTarget "greenBook" */;
			buildPhases = (
				B04DCD16C1749446D9FC190A /* [CP] Check Pods Manifest.lock */,
				06B3C4051FA7E88500D02947 /* Sources */,
				06B3C4061FA7E88500D02947 /* Frameworks */,
				06B3C4071FA7E88500D02947 /* Resources */,
				2B8D026E2164997C224CFFDD /* [CP] Embed Pods Frameworks */,
				89D957ED4AA5F816207DE03A /* [CP] Copy Pods Resources */,
				061EA8EF1FF5BF290022C173 /* ShellScript */,
			);
			buildRules = (
			);
			dependencies = (
			);
			name = greenBook;
			productName = greenBook;
			productReference = 06B3C4091FA7E88600D02947 /* greenBook.app */;
			productType = "com.apple.product-type.application";
		};
/* End PBXNativeTarget section */

/* Begin PBXProject section */
		06B3C4011FA7E88500D02947 /* Project object */ = {
			isa = PBXProject;
			attributes = {
				LastSwiftUpdateCheck = 0900;
				LastUpgradeCheck = 0900;
				ORGANIZATIONNAME = Badeeb;
				TargetAttributes = {
					0661F1A71FD5FEAE00EA9F14 = {
						ProvisioningStyle = Automatic;
						SystemCapabilities = {
							com.apple.Maps.iOS = {
								enabled = 1;
							};
							com.apple.Push = {
								enabled = 1;
							};
						};
					};
					06B3C4081FA7E88500D02947 = {
						CreatedOnToolsVersion = 9.0;
						ProvisioningStyle = Automatic;
						SystemCapabilities = {
							com.apple.Maps.iOS = {
								enabled = 1;
							};
							com.apple.Push = {
								enabled = 1;
							};
						};
					};
				};
			};
			buildConfigurationList = 06B3C4041FA7E88500D02947 /* Build configuration list for PBXProject "greenBook" */;
			compatibilityVersion = "Xcode 8.0";
			developmentRegion = en;
			hasScannedForEncodings = 0;
			knownRegions = (
				en,
				Base,
			);
			mainGroup = 06B3C4001FA7E88500D02947;
			productRefGroup = 06B3C40A1FA7E88600D02947 /* Products */;
			projectDirPath = "";
			projectRoot = "";
			targets = (
				06B3C4081FA7E88500D02947 /* greenBook */,
				0661F1A71FD5FEAE00EA9F14 /* greenBook-staging */,
			);
		};
/* End PBXProject section */

/* Begin PBXResourcesBuildPhase section */
		0661F1E51FD5FEAE00EA9F14 /* Resources */ = {
			isa = PBXResourcesBuildPhase;
			buildActionMask = 2147483647;
			files = (
				0661F1E61FD5FEAE00EA9F14 /* OpenSans-Italic.ttf in Resources */,
				0661F1E71FD5FEAE00EA9F14 /* ShopReviewCell.xib in Resources */,
				0661F1E81FD5FEAE00EA9F14 /* OpenSans-BoldItalic.ttf in Resources */,
				0661F1E91FD5FEAE00EA9F14 /* LaunchScreen.storyboard in Resources */,
				0661F1EA1FD5FEAE00EA9F14 /* ShopMarkerInfoView.xib in Resources */,
				0661F1EB1FD5FEAE00EA9F14 /* ShopView.xib in Resources */,
				0661F1EC1FD5FEAE00EA9F14 /* OpenSans-Semibold.ttf in Resources */,
				0661F1ED1FD5FEAE00EA9F14 /* OpenSans-ExtraBold.ttf in Resources */,
				0661F1EF1FD5FEAE00EA9F14 /* Apache License.txt in Resources */,
				0661F1F01FD5FEAE00EA9F14 /* OpenSans-LightItalic.ttf in Resources */,
				0661F1F11FD5FEAE00EA9F14 /* Assets.xcassets in Resources */,
				0661F2031FD5FF0800EA9F14 /* GoogleService-Info.plist in Resources */,
				0661F1F21FD5FEAE00EA9F14 /* SegmentCollectionCell.xib in Resources */,
				0661F1F31FD5FEAE00EA9F14 /* OpenSans-Bold.ttf in Resources */,
				0661F1F41FD5FEAE00EA9F14 /* Main.storyboard in Resources */,
				0661F1F51FD5FEAE00EA9F14 /* OpenSans-SemiboldItalic.ttf in Resources */,
				0661F1F61FD5FEAE00EA9F14 /* OpenSans-Light.ttf in Resources */,
				0661F1F71FD5FEAE00EA9F14 /* OpenSans-Regular.ttf in Resources */,
				0661F1F81FD5FEAE00EA9F14 /* OpenSans-ExtraBoldItalic.ttf in Resources */,
			);
			runOnlyForDeploymentPostprocessing = 0;
		};
		06B3C4071FA7E88500D02947 /* Resources */ = {
			isa = PBXResourcesBuildPhase;
			buildActionMask = 2147483647;
			files = (
				0612E92C20058FE60063E806 /* Pods_greenBook.framework in Resources */,
				066670C71FAE76BA00739695 /* OpenSans-Italic.ttf in Resources */,
				069577261FC21D0200DCB24D /* ShopReviewCell.xib in Resources */,
				066670C41FAE76BA00739695 /* OpenSans-BoldItalic.ttf in Resources */,
				06B3C4171FA7E88600D02947 /* LaunchScreen.storyboard in Resources */,
				06ECB4F91FD23F5D00B48B53 /* ShopMarkerInfoView.xib in Resources */,
				06A1E2721FBFDA55005F618A /* ShopView.xib in Resources */,
				066670CB1FAE76BA00739695 /* OpenSans-Semibold.ttf in Resources */,
				066670C51FAE76BA00739695 /* OpenSans-ExtraBold.ttf in Resources */,
				061B1AF71FD8A8B600499817 /* ShopReviewCellWithReply.xib in Resources */,
				066670C21FAE76BA00739695 /* Apache License.txt in Resources */,
				066670C91FAE76BA00739695 /* OpenSans-LightItalic.ttf in Resources */,
				06B3C4141FA7E88600D02947 /* Assets.xcassets in Resources */,
				0661F2011FD5FEEA00EA9F14 /* GoogleService-Info.plist in Resources */,
				061B1AF91FD8B0D300499817 /* ShopReviewCellWriteReply.xib in Resources */,
				06B952E61FC03DB400DF556F /* SegmentCollectionCell.xib in Resources */,
				066670C31FAE76BA00739695 /* OpenSans-Bold.ttf in Resources */,
				06B3C4121FA7E88600D02947 /* Main.storyboard in Resources */,
				066670CC1FAE76BA00739695 /* OpenSans-SemiboldItalic.ttf in Resources */,
				066670C81FAE76BA00739695 /* OpenSans-Light.ttf in Resources */,
				066670CA1FAE76BA00739695 /* OpenSans-Regular.ttf in Resources */,
				066670C61FAE76BA00739695 /* OpenSans-ExtraBoldItalic.ttf in Resources */,
			);
			runOnlyForDeploymentPostprocessing = 0;
		};
/* End PBXResourcesBuildPhase section */

/* Begin PBXShellScriptBuildPhase section */
		061EA8EF1FF5BF290022C173 /* ShellScript */ = {
			isa = PBXShellScriptBuildPhase;
			buildActionMask = 2147483647;
			files = (
			);
			inputPaths = (
			);
			outputPaths = (
			);
			runOnlyForDeploymentPostprocessing = 0;
			shellPath = /bin/sh;
			shellScript = "\"${PODS_ROOT}/Fabric/run\" 8093707cc1ca71a39ff0a03182e34ba0e2378756 d7745b5feb24e3f1c6dbea5ddcbec7849e4031d535f17e16b458eaf7a1ca2d3f";
		};
		2B8D026E2164997C224CFFDD /* [CP] Embed Pods Frameworks */ = {
			isa = PBXShellScriptBuildPhase;
			buildActionMask = 2147483647;
			files = (
			);
			inputPaths = (
				"${SRCROOT}/Pods/Target Support Files/Pods-greenBook/Pods-greenBook-frameworks.sh",
				"${BUILT_PRODUCTS_DIR}/Alamofire/Alamofire.framework",
				"${BUILT_PRODUCTS_DIR}/Bolts/Bolts.framework",
				"${BUILT_PRODUCTS_DIR}/Cosmos/Cosmos.framework",
				"${BUILT_PRODUCTS_DIR}/DropDown/DropDown.framework",
				"${BUILT_PRODUCTS_DIR}/FBSDKCoreKit/FBSDKCoreKit.framework",
				"${BUILT_PRODUCTS_DIR}/FBSDKLoginKit/FBSDKLoginKit.framework",
				"${BUILT_PRODUCTS_DIR}/FBSDKShareKit/FBSDKShareKit.framework",
				"${BUILT_PRODUCTS_DIR}/FTImageViewer/FTImageViewer.framework",
				"${BUILT_PRODUCTS_DIR}/FacebookCore/FacebookCore.framework",
				"${BUILT_PRODUCTS_DIR}/FacebookLogin/FacebookLogin.framework",
				"${BUILT_PRODUCTS_DIR}/FacebookShare/FacebookShare.framework",
				"${BUILT_PRODUCTS_DIR}/GTMOAuth2/GTMOAuth2.framework",
				"${BUILT_PRODUCTS_DIR}/GTMSessionFetcher/GTMSessionFetcher.framework",
				"${BUILT_PRODUCTS_DIR}/GoogleAPIClientForREST/GoogleAPIClientForREST.framework",
				"${BUILT_PRODUCTS_DIR}/GooglePlacesAPI/GooglePlacesAPI.framework",
				"${BUILT_PRODUCTS_DIR}/GoogleToolboxForMac/GoogleToolboxForMac.framework",
				"${BUILT_PRODUCTS_DIR}/Kingfisher/Kingfisher.framework",
				"${BUILT_PRODUCTS_DIR}/MBProgressHUD/MBProgressHUD.framework",
				"${BUILT_PRODUCTS_DIR}/NVActivityIndicatorView/NVActivityIndicatorView.framework",
				"${BUILT_PRODUCTS_DIR}/ObjectMapper/ObjectMapper.framework",
				"${BUILT_PRODUCTS_DIR}/Protobuf/Protobuf.framework",
				"${BUILT_PRODUCTS_DIR}/ReachabilitySwift/ReachabilitySwift.framework",
				"${BUILT_PRODUCTS_DIR}/SDWebImage/SDWebImage.framework",
				"${BUILT_PRODUCTS_DIR}/SwiftMessages/SwiftMessages.framework",
				"${BUILT_PRODUCTS_DIR}/Toast-Swift/Toast_Swift.framework",
				"${BUILT_PRODUCTS_DIR}/XLPagerTabStrip/XLPagerTabStrip.framework",
			);
			name = "[CP] Embed Pods Frameworks";
			outputPaths = (
				"${TARGET_BUILD_DIR}/${FRAMEWORKS_FOLDER_PATH}/Alamofire.framework",
				"${TARGET_BUILD_DIR}/${FRAMEWORKS_FOLDER_PATH}/Bolts.framework",
				"${TARGET_BUILD_DIR}/${FRAMEWORKS_FOLDER_PATH}/Cosmos.framework",
				"${TARGET_BUILD_DIR}/${FRAMEWORKS_FOLDER_PATH}/DropDown.framework",
				"${TARGET_BUILD_DIR}/${FRAMEWORKS_FOLDER_PATH}/FBSDKCoreKit.framework",
				"${TARGET_BUILD_DIR}/${FRAMEWORKS_FOLDER_PATH}/FBSDKLoginKit.framework",
				"${TARGET_BUILD_DIR}/${FRAMEWORKS_FOLDER_PATH}/FBSDKShareKit.framework",
				"${TARGET_BUILD_DIR}/${FRAMEWORKS_FOLDER_PATH}/FTImageViewer.framework",
				"${TARGET_BUILD_DIR}/${FRAMEWORKS_FOLDER_PATH}/FacebookCore.framework",
				"${TARGET_BUILD_DIR}/${FRAMEWORKS_FOLDER_PATH}/FacebookLogin.framework",
				"${TARGET_BUILD_DIR}/${FRAMEWORKS_FOLDER_PATH}/FacebookShare.framework",
				"${TARGET_BUILD_DIR}/${FRAMEWORKS_FOLDER_PATH}/GTMOAuth2.framework",
				"${TARGET_BUILD_DIR}/${FRAMEWORKS_FOLDER_PATH}/GTMSessionFetcher.framework",
				"${TARGET_BUILD_DIR}/${FRAMEWORKS_FOLDER_PATH}/GoogleAPIClientForREST.framework",
				"${TARGET_BUILD_DIR}/${FRAMEWORKS_FOLDER_PATH}/GooglePlacesAPI.framework",
				"${TARGET_BUILD_DIR}/${FRAMEWORKS_FOLDER_PATH}/GoogleToolboxForMac.framework",
				"${TARGET_BUILD_DIR}/${FRAMEWORKS_FOLDER_PATH}/Kingfisher.framework",
				"${TARGET_BUILD_DIR}/${FRAMEWORKS_FOLDER_PATH}/MBProgressHUD.framework",
				"${TARGET_BUILD_DIR}/${FRAMEWORKS_FOLDER_PATH}/NVActivityIndicatorView.framework",
				"${TARGET_BUILD_DIR}/${FRAMEWORKS_FOLDER_PATH}/ObjectMapper.framework",
				"${TARGET_BUILD_DIR}/${FRAMEWORKS_FOLDER_PATH}/Protobuf.framework",
				"${TARGET_BUILD_DIR}/${FRAMEWORKS_FOLDER_PATH}/ReachabilitySwift.framework",
				"${TARGET_BUILD_DIR}/${FRAMEWORKS_FOLDER_PATH}/SDWebImage.framework",
				"${TARGET_BUILD_DIR}/${FRAMEWORKS_FOLDER_PATH}/SwiftMessages.framework",
				"${TARGET_BUILD_DIR}/${FRAMEWORKS_FOLDER_PATH}/Toast_Swift.framework",
				"${TARGET_BUILD_DIR}/${FRAMEWORKS_FOLDER_PATH}/XLPagerTabStrip.framework",
			);
			runOnlyForDeploymentPostprocessing = 0;
			shellPath = /bin/sh;
			shellScript = "\"${SRCROOT}/Pods/Target Support Files/Pods-greenBook/Pods-greenBook-frameworks.sh\"\n";
			showEnvVarsInLog = 0;
		};
		89D957ED4AA5F816207DE03A /* [CP] Copy Pods Resources */ = {
			isa = PBXShellScriptBuildPhase;
			buildActionMask = 2147483647;
			files = (
			);
			inputPaths = (
				"${SRCROOT}/Pods/Target Support Files/Pods-greenBook/Pods-greenBook-resources.sh",
				"${PODS_ROOT}/GoogleMaps/Maps/Frameworks/GoogleMaps.framework/Resources/GoogleMaps.bundle",
				"${PODS_ROOT}/GooglePlaces/Frameworks/GooglePlaces.framework/Resources/GooglePlaces.bundle",
				"${PODS_ROOT}/GoogleSignIn/Resources/GoogleSignIn.bundle",
			);
			name = "[CP] Copy Pods Resources";
			outputPaths = (
				"${TARGET_BUILD_DIR}/${UNLOCALIZED_RESOURCES_FOLDER_PATH}",
			);
			runOnlyForDeploymentPostprocessing = 0;
			shellPath = /bin/sh;
			shellScript = "\"${SRCROOT}/Pods/Target Support Files/Pods-greenBook/Pods-greenBook-resources.sh\"\n";
			showEnvVarsInLog = 0;
		};
		B04DCD16C1749446D9FC190A /* [CP] Check Pods Manifest.lock */ = {
			isa = PBXShellScriptBuildPhase;
			buildActionMask = 2147483647;
			files = (
			);
			inputPaths = (
				"${PODS_PODFILE_DIR_PATH}/Podfile.lock",
				"${PODS_ROOT}/Manifest.lock",
			);
			name = "[CP] Check Pods Manifest.lock";
			outputPaths = (
				"$(DERIVED_FILE_DIR)/Pods-greenBook-checkManifestLockResult.txt",
			);
			runOnlyForDeploymentPostprocessing = 0;
			shellPath = /bin/sh;
			shellScript = "diff \"${PODS_PODFILE_DIR_PATH}/Podfile.lock\" \"${PODS_ROOT}/Manifest.lock\" > /dev/null\nif [ $? != 0 ] ; then\n    # print error to STDERR\n    echo \"error: The sandbox is not in sync with the Podfile.lock. Run 'pod install' or update your CocoaPods installation.\" >&2\n    exit 1\nfi\n# This output is used by Xcode 'outputs' to avoid re-running this script phase.\necho \"SUCCESS\" > \"${SCRIPT_OUTPUT_FILE_0}\"\n";
			showEnvVarsInLog = 0;
		};
/* End PBXShellScriptBuildPhase section */

/* Begin PBXSourcesBuildPhase section */
		0661F1A91FD5FEAE00EA9F14 /* Sources */ = {
			isa = PBXSourcesBuildPhase;
			buildActionMask = 2147483647;
			files = (
				0661F1AA1FD5FEAE00EA9F14 /* Photo.swift in Sources */,
				0661F1AB1FD5FEAE00EA9F14 /* ShopManager.swift in Sources */,
				0661F1AC1FD5FEAE00EA9F14 /* LoginViewController.swift in Sources */,
				0661F1AD1FD5FEAE00EA9F14 /* BorderedView.swift in Sources */,
				0661F1AE1FD5FEAE00EA9F14 /* ViewController.swift in Sources */,
				0661F1AF1FD5FEAE00EA9F14 /* CircularImage.swift in Sources */,
				0661F1B01FD5FEAE00EA9F14 /* ProfileMenuCell.swift in Sources */,
				0661F1B11FD5FEAE00EA9F14 /* CircularLabel.swift in Sources */,
				0661F1B21FD5FEAE00EA9F14 /* Constants.swift in Sources */,
				0661F1B31FD5FEAE00EA9F14 /* AbstractViewController.swift in Sources */,
				0661F1B41FD5FEAE00EA9F14 /* ShopView.swift in Sources */,
				0661F1B51FD5FEAE00EA9F14 /* WorkingDay.swift in Sources */,
				0661F1B61FD5FEAE00EA9F14 /* DetailsViewController.swift in Sources */,
				0661F1B71FD5FEAE00EA9F14 /* GMSPlaceAutoComplete.swift in Sources */,
				0661F1B81FD5FEAE00EA9F14 /* PlaceholderTextView.swift in Sources */,
				0661F1B91FD5FEAE00EA9F14 /* GBError.swift in Sources */,
				0661F1BA1FD5FEAE00EA9F14 /* ShopDetailCell.swift in Sources */,
				0661F1BB1FD5FEAE00EA9F14 /* ShopViewController.swift in Sources */,
				0661F1BC1FD5FEAE00EA9F14 /* UpdateProfileViewController.swift in Sources */,
				0661F1BD1FD5FEAE00EA9F14 /* ProfileHeaderCell.swift in Sources */,
				0661F1BE1FD5FEAE00EA9F14 /* ShopReviewCell.swift in Sources */,
				0661F1BF1FD5FEAE00EA9F14 /* ShopReview.swift in Sources */,
				0661F1C01FD5FEAE00EA9F14 /* ShopMarkerInfoView.swift in Sources */,
				0661F1C11FD5FEAE00EA9F14 /* AddReviewViewController.swift in Sources */,
				0661F1C21FD5FEAE00EA9F14 /* UserManager.swift in Sources */,
				0661F1C31FD5FEAE00EA9F14 /* DoubleHandler.swift in Sources */,
				0661F1C41FD5FEAE00EA9F14 /* Response.swift in Sources */,
				0661F1C51FD5FEAE00EA9F14 /* SegmentCollectionCell.swift in Sources */,
				0661F1C61FD5FEAE00EA9F14 /* ProfileViewController.swift in Sources */,
				0661F1C71FD5FEAE00EA9F14 /* DateFormat.swift in Sources */,
				0661F1C81FD5FEAE00EA9F14 /* StringCheckers.swift in Sources */,
				0661F1C91FD5FEAE00EA9F14 /* AbstractScrollableViewController.swift in Sources */,
				0661F1CA1FD5FEAE00EA9F14 /* ViewControllerExtension.swift in Sources */,
				0661F1CB1FD5FEAE00EA9F14 /* AbstractSegmentedBarViewController.swift in Sources */,
				0661F1CC1FD5FEAE00EA9F14 /* User.swift in Sources */,
				0661F1CD1FD5FEAE00EA9F14 /* ShopCell.swift in Sources */,
				0661F1CE1FD5FEAE00EA9F14 /* CategoryManager.swift in Sources */,
				0661F1CF1FD5FEAE00EA9F14 /* AppDelegate.swift in Sources */,
				0661F1D01FD5FEAE00EA9F14 /* ShopGalleryViewController.swift in Sources */,
				0661F1D11FD5FEAE00EA9F14 /* SearchViewController.swift in Sources */,
				0661F1D21FD5FEAE00EA9F14 /* FavouriteShopsViewController.swift in Sources */,
				0661F1D31FD5FEAE00EA9F14 /* ImageUploader.swift in Sources */,
				0661F1D41FD5FEAE00EA9F14 /* ShopReviewsViewController.swift in Sources */,
				0661F1D51FD5FEAE00EA9F14 /* ReviewsManager.swift in Sources */,
				0661F1D61FD5FEAE00EA9F14 /* RoundedView.swift in Sources */,
				0661F1D71FD5FEAE00EA9F14 /* UserSession.swift in Sources */,
				0661F1D81FD5FEAE00EA9F14 /* SignupViewController.swift in Sources */,
				0661F1D91FD5FEAE00EA9F14 /* Location.swift in Sources */,
				0661F1DA1FD5FEAE00EA9F14 /* BaseModel.swift in Sources */,
				0661F1DB1FD5FEAE00EA9F14 /* BorderlessView.swift in Sources */,
				0661F1DC1FD5FEAE00EA9F14 /* AbstractFormViewController.swift in Sources */,
				0661F1DD1FD5FEAE00EA9F14 /* AbstractManager.swift in Sources */,
				0661F1DE1FD5FEAE00EA9F14 /* Shop.swift in Sources */,
				0661F1DF1FD5FEAE00EA9F14 /* RoundedButton.swift in Sources */,
				0661F1E01FD5FEAE00EA9F14 /* SearchMapViewController.swift in Sources */,
				0661F1E11FD5FEAE00EA9F14 /* Category.swift in Sources */,
			);
			runOnlyForDeploymentPostprocessing = 0;
		};
		06B3C4051FA7E88500D02947 /* Sources */ = {
			isa = PBXSourcesBuildPhase;
			buildActionMask = 2147483647;
			files = (
				060E71661FBA5D8500898592 /* Photo.swift in Sources */,
				0691241F1FBA6E700022D063 /* ShopManager.swift in Sources */,
				066670CF1FAE780600739695 /* LoginViewController.swift in Sources */,
				066670DB1FAE7E2000739695 /* BorderedView.swift in Sources */,
				06B3C40F1FA7E88600D02947 /* ViewController.swift in Sources */,
				066670D81FAE7E2000739695 /* CircularImage.swift in Sources */,
				06386C621FC79A7F0036E8DE /* ProfileMenuCell.swift in Sources */,
				066670D91FAE7E2000739695 /* CircularLabel.swift in Sources */,
				06B3C43E1FA7F44F00D02947 /* Constants.swift in Sources */,
				06B3C4211FA7E8FC00D02947 /* AbstractViewController.swift in Sources */,
				06A1E2741FBFDABB005F618A /* ShopView.swift in Sources */,
				060E71681FBA5D9D00898592 /* WorkingDay.swift in Sources */,
				06A1E27B1FBFE78B005F618A /* DetailsViewController.swift in Sources */,
				066206101FD227E10044C1F6 /* GMSPlaceAutoComplete.swift in Sources */,
				0615D4A91FC771000097313A /* PlaceholderTextView.swift in Sources */,
				06B3C43A1FA7F2C700D02947 /* GBError.swift in Sources */,
				06C87F031FC10C1400EE7A97 /* ShopDetailCell.swift in Sources */,
				06A1E2781FBFE444005F618A /* ShopViewController.swift in Sources */,
				06DB954F1FC7AFAA0012ED2F /* UpdateProfileViewController.swift in Sources */,
				06386C5E1FC797580036E8DE /* ProfileHeaderCell.swift in Sources */,
				0695772F1FC22A2700DCB24D /* ShopReviewCell.swift in Sources */,
				069577281FC2258D00DCB24D /* ShopReview.swift in Sources */,
				06ECB4F71FD23F3300B48B53 /* ShopMarkerInfoView.swift in Sources */,
				0615D4AB1FC7776B0097313A /* AddReviewViewController.swift in Sources */,
				06B3C4301FA7F14F00D02947 /* UserManager.swift in Sources */,
				060E716C1FBA61AD00898592 /* DoubleHandler.swift in Sources */,
				06B3C43C1FA7F3DA00D02947 /* Response.swift in Sources */,
				06B952E81FC03E3F00DF556F /* SegmentCollectionCell.swift in Sources */,
				06386C601FC797FB0036E8DE /* ProfileViewController.swift in Sources */,
				0695772B1FC2270D00DCB24D /* DateFormat.swift in Sources */,
				0646ACB91FB3D25B007760EE /* StringCheckers.swift in Sources */,
				0650F3161FB5CE73006A00F7 /* AbstractScrollableViewController.swift in Sources */,
				06B952EA1FC0447600DF556F /* ViewControllerExtension.swift in Sources */,
				06A1E2761FBFE37F005F618A /* AbstractSegmentedBarViewController.swift in Sources */,
				06B3C42E1FA7EAD100D02947 /* User.swift in Sources */,
				060E715E1FBA4BBF00898592 /* ShopCell.swift in Sources */,
				06FCAFA01FB901C60099685A /* CategoryManager.swift in Sources */,
				06B3C40D1FA7E88600D02947 /* AppDelegate.swift in Sources */,
				06C87F051FC1178800EE7A97 /* ShopGalleryViewController.swift in Sources */,
				06FCAFA51FB906880099685A /* SearchViewController.swift in Sources */,
				06C276D61FC764D50062F09E /* FavouriteShopsViewController.swift in Sources */,
				067853131FC43F49007D4884 /* ImageUploader.swift in Sources */,
				0695772D1FC2287100DCB24D /* ShopReviewsViewController.swift in Sources */,
				0615D4AD1FC77BA70097313A /* ReviewsManager.swift in Sources */,
				066670DA1FAE7E2000739695 /* RoundedView.swift in Sources */,
				06B3C42A1FA7E9F800D02947 /* UserSession.swift in Sources */,
				0650F3141FB5CE65006A00F7 /* SignupViewController.swift in Sources */,
				060E716A1FBA5E0600898592 /* Location.swift in Sources */,
				06B3C42C1FA7EA6200D02947 /* BaseModel.swift in Sources */,
				066670D71FAE7E2000739695 /* BorderlessView.swift in Sources */,
				0646ACB71FB3D078007760EE /* AbstractFormViewController.swift in Sources */,
				06B3C4321FA7F1B500D02947 /* AbstractManager.swift in Sources */,
				060E71601FBA4BE300898592 /* Shop.swift in Sources */,
				066670D11FAE7A3800739695 /* RoundedButton.swift in Sources */,
				06ECB4F51FD2340E00B48B53 /* SearchMapViewController.swift in Sources */,
				06FCAFA21FB901D00099685A /* Category.swift in Sources */,
			);
			runOnlyForDeploymentPostprocessing = 0;
		};
/* End PBXSourcesBuildPhase section */

/* Begin PBXVariantGroup section */
		06B3C4101FA7E88600D02947 /* Main.storyboard */ = {
			isa = PBXVariantGroup;
			children = (
				06B3C4111FA7E88600D02947 /* Base */,
			);
			name = Main.storyboard;
			sourceTree = "<group>";
		};
		06B3C4151FA7E88600D02947 /* LaunchScreen.storyboard */ = {
			isa = PBXVariantGroup;
			children = (
				06B3C4161FA7E88600D02947 /* Base */,
			);
			name = LaunchScreen.storyboard;
			sourceTree = "<group>";
		};
/* End PBXVariantGroup section */

/* Begin XCBuildConfiguration section */
		0661F1FC1FD5FEAE00EA9F14 /* Debug */ = {
			isa = XCBuildConfiguration;
			buildSettings = {
				ASSETCATALOG_COMPILER_APPICON_NAME = AppIcon;
				CODE_SIGN_ENTITLEMENTS = "greenBook-staging.entitlements";
				CODE_SIGN_STYLE = Automatic;
				DEVELOPMENT_TEAM = KU96K9SSDU;
				INFOPLIST_FILE = "greenBook copy-Info.plist";
				LD_RUNPATH_SEARCH_PATHS = "$(inherited) @executable_path/Frameworks";
				PRODUCT_BUNDLE_IDENTIFIER = com.badeeb.greenbook;
				PRODUCT_NAME = "$(TARGET_NAME)";
				SWIFT_VERSION = 4.0;
				TARGETED_DEVICE_FAMILY = 1;
			};
			name = Debug;
		};
		0661F1FD1FD5FEAE00EA9F14 /* Release */ = {
			isa = XCBuildConfiguration;
			buildSettings = {
				ASSETCATALOG_COMPILER_APPICON_NAME = AppIcon;
				CODE_SIGN_ENTITLEMENTS = "greenBook-staging.entitlements";
				CODE_SIGN_STYLE = Automatic;
				DEVELOPMENT_TEAM = KU96K9SSDU;
				INFOPLIST_FILE = "greenBook copy-Info.plist";
				LD_RUNPATH_SEARCH_PATHS = "$(inherited) @executable_path/Frameworks";
				PRODUCT_BUNDLE_IDENTIFIER = com.badeeb.greenbook;
				PRODUCT_NAME = "$(TARGET_NAME)";
				SWIFT_VERSION = 4.0;
				TARGETED_DEVICE_FAMILY = 1;
			};
			name = Release;
		};
		06B3C4191FA7E88600D02947 /* Debug */ = {
			isa = XCBuildConfiguration;
			buildSettings = {
				ALWAYS_SEARCH_USER_PATHS = NO;
				CLANG_ANALYZER_NONNULL = YES;
				CLANG_ANALYZER_NUMBER_OBJECT_CONVERSION = YES_AGGRESSIVE;
				CLANG_CXX_LANGUAGE_STANDARD = "gnu++14";
				CLANG_CXX_LIBRARY = "libc++";
				CLANG_ENABLE_MODULES = YES;
				CLANG_ENABLE_OBJC_ARC = YES;
				CLANG_WARN_BLOCK_CAPTURE_AUTORELEASING = YES;
				CLANG_WARN_BOOL_CONVERSION = YES;
				CLANG_WARN_COMMA = YES;
				CLANG_WARN_CONSTANT_CONVERSION = YES;
				CLANG_WARN_DIRECT_OBJC_ISA_USAGE = YES_ERROR;
				CLANG_WARN_DOCUMENTATION_COMMENTS = YES;
				CLANG_WARN_EMPTY_BODY = YES;
				CLANG_WARN_ENUM_CONVERSION = YES;
				CLANG_WARN_INFINITE_RECURSION = YES;
				CLANG_WARN_INT_CONVERSION = YES;
				CLANG_WARN_NON_LITERAL_NULL_CONVERSION = YES;
				CLANG_WARN_OBJC_LITERAL_CONVERSION = YES;
				CLANG_WARN_OBJC_ROOT_CLASS = YES_ERROR;
				CLANG_WARN_RANGE_LOOP_ANALYSIS = YES;
				CLANG_WARN_STRICT_PROTOTYPES = YES;
				CLANG_WARN_SUSPICIOUS_MOVE = YES;
				CLANG_WARN_UNGUARDED_AVAILABILITY = YES_AGGRESSIVE;
				CLANG_WARN_UNREACHABLE_CODE = YES;
				CLANG_WARN__DUPLICATE_METHOD_MATCH = YES;
				CODE_SIGN_IDENTITY = "iPhone Developer";
				COPY_PHASE_STRIP = NO;
				DEBUG_INFORMATION_FORMAT = dwarf;
				ENABLE_STRICT_OBJC_MSGSEND = YES;
				ENABLE_TESTABILITY = YES;
				GCC_C_LANGUAGE_STANDARD = gnu11;
				GCC_DYNAMIC_NO_PIC = NO;
				GCC_NO_COMMON_BLOCKS = YES;
				GCC_OPTIMIZATION_LEVEL = 0;
				GCC_PREPROCESSOR_DEFINITIONS = (
					"DEBUG=1",
					"$(inherited)",
				);
				GCC_WARN_64_TO_32_BIT_CONVERSION = YES;
				GCC_WARN_ABOUT_RETURN_TYPE = YES_ERROR;
				GCC_WARN_UNDECLARED_SELECTOR = YES;
				GCC_WARN_UNINITIALIZED_AUTOS = YES_AGGRESSIVE;
				GCC_WARN_UNUSED_FUNCTION = YES;
				GCC_WARN_UNUSED_VARIABLE = YES;
				IPHONEOS_DEPLOYMENT_TARGET = 10.0;
				MTL_ENABLE_DEBUG_INFO = YES;
				ONLY_ACTIVE_ARCH = YES;
				SDKROOT = iphoneos;
				SWIFT_ACTIVE_COMPILATION_CONDITIONS = DEBUG;
				SWIFT_OPTIMIZATION_LEVEL = "-Onone";
			};
			name = Debug;
		};
		06B3C41A1FA7E88600D02947 /* Release */ = {
			isa = XCBuildConfiguration;
			buildSettings = {
				ALWAYS_SEARCH_USER_PATHS = NO;
				CLANG_ANALYZER_NONNULL = YES;
				CLANG_ANALYZER_NUMBER_OBJECT_CONVERSION = YES_AGGRESSIVE;
				CLANG_CXX_LANGUAGE_STANDARD = "gnu++14";
				CLANG_CXX_LIBRARY = "libc++";
				CLANG_ENABLE_MODULES = YES;
				CLANG_ENABLE_OBJC_ARC = YES;
				CLANG_WARN_BLOCK_CAPTURE_AUTORELEASING = YES;
				CLANG_WARN_BOOL_CONVERSION = YES;
				CLANG_WARN_COMMA = YES;
				CLANG_WARN_CONSTANT_CONVERSION = YES;
				CLANG_WARN_DIRECT_OBJC_ISA_USAGE = YES_ERROR;
				CLANG_WARN_DOCUMENTATION_COMMENTS = YES;
				CLANG_WARN_EMPTY_BODY = YES;
				CLANG_WARN_ENUM_CONVERSION = YES;
				CLANG_WARN_INFINITE_RECURSION = YES;
				CLANG_WARN_INT_CONVERSION = YES;
				CLANG_WARN_NON_LITERAL_NULL_CONVERSION = YES;
				CLANG_WARN_OBJC_LITERAL_CONVERSION = YES;
				CLANG_WARN_OBJC_ROOT_CLASS = YES_ERROR;
				CLANG_WARN_RANGE_LOOP_ANALYSIS = YES;
				CLANG_WARN_STRICT_PROTOTYPES = YES;
				CLANG_WARN_SUSPICIOUS_MOVE = YES;
				CLANG_WARN_UNGUARDED_AVAILABILITY = YES_AGGRESSIVE;
				CLANG_WARN_UNREACHABLE_CODE = YES;
				CLANG_WARN__DUPLICATE_METHOD_MATCH = YES;
				CODE_SIGN_IDENTITY = "iPhone Developer";
				COPY_PHASE_STRIP = NO;
				DEBUG_INFORMATION_FORMAT = "dwarf-with-dsym";
				ENABLE_NS_ASSERTIONS = NO;
				ENABLE_STRICT_OBJC_MSGSEND = YES;
				GCC_C_LANGUAGE_STANDARD = gnu11;
				GCC_NO_COMMON_BLOCKS = YES;
				GCC_WARN_64_TO_32_BIT_CONVERSION = YES;
				GCC_WARN_ABOUT_RETURN_TYPE = YES_ERROR;
				GCC_WARN_UNDECLARED_SELECTOR = YES;
				GCC_WARN_UNINITIALIZED_AUTOS = YES_AGGRESSIVE;
				GCC_WARN_UNUSED_FUNCTION = YES;
				GCC_WARN_UNUSED_VARIABLE = YES;
				IPHONEOS_DEPLOYMENT_TARGET = 10.0;
				MTL_ENABLE_DEBUG_INFO = NO;
				SDKROOT = iphoneos;
				SWIFT_OPTIMIZATION_LEVEL = "-Owholemodule";
				VALIDATE_PRODUCT = YES;
			};
			name = Release;
		};
		06B3C41C1FA7E88600D02947 /* Debug */ = {
			isa = XCBuildConfiguration;
			baseConfigurationReference = 0B6095AAA06FFBD027C864CF /* Pods-greenBook.debug.xcconfig */;
			buildSettings = {
				ASSETCATALOG_COMPILER_APPICON_NAME = AppIcon;
				CODE_SIGN_ENTITLEMENTS = greenBook/greenBook.entitlements;
				CODE_SIGN_STYLE = Automatic;
				DEVELOPMENT_TEAM = KU96K9SSDU;
				INFOPLIST_FILE = greenBook/Utilities/Info.plist;
				LD_RUNPATH_SEARCH_PATHS = "$(inherited) @executable_path/Frameworks";
				PRODUCT_BUNDLE_IDENTIFIER = com.badeeb.greenbook;
				PRODUCT_NAME = "$(TARGET_NAME)";
				"SWIFT_ACTIVE_COMPILATION_CONDITIONS[arch=*]" = PROD;
				SWIFT_VERSION = 4.0;
				TARGETED_DEVICE_FAMILY = 1;
			};
			name = Debug;
		};
		06B3C41D1FA7E88600D02947 /* Release */ = {
			isa = XCBuildConfiguration;
			baseConfigurationReference = 40E19ECF8A5142CD83BA9475 /* Pods-greenBook.release.xcconfig */;
			buildSettings = {
				ASSETCATALOG_COMPILER_APPICON_NAME = AppIcon;
				CODE_SIGN_ENTITLEMENTS = greenBook/greenBook.entitlements;
				CODE_SIGN_STYLE = Automatic;
				DEVELOPMENT_TEAM = KU96K9SSDU;
				INFOPLIST_FILE = greenBook/Utilities/Info.plist;
				LD_RUNPATH_SEARCH_PATHS = "$(inherited) @executable_path/Frameworks";
				PRODUCT_BUNDLE_IDENTIFIER = com.badeeb.greenbook;
				PRODUCT_NAME = "$(TARGET_NAME)";
				"SWIFT_ACTIVE_COMPILATION_CONDITIONS[arch=*]" = PROD;
				SWIFT_VERSION = 4.0;
				TARGETED_DEVICE_FAMILY = 1;
			};
			name = Release;
		};
/* End XCBuildConfiguration section */

/* Begin XCConfigurationList section */
		0661F1FB1FD5FEAE00EA9F14 /* Build configuration list for PBXNativeTarget "greenBook-staging" */ = {
			isa = XCConfigurationList;
			buildConfigurations = (
				0661F1FC1FD5FEAE00EA9F14 /* Debug */,
				0661F1FD1FD5FEAE00EA9F14 /* Release */,
			);
			defaultConfigurationIsVisible = 0;
			defaultConfigurationName = Release;
		};
		06B3C4041FA7E88500D02947 /* Build configuration list for PBXProject "greenBook" */ = {
			isa = XCConfigurationList;
			buildConfigurations = (
				06B3C4191FA7E88600D02947 /* Debug */,
				06B3C41A1FA7E88600D02947 /* Release */,
			);
			defaultConfigurationIsVisible = 0;
			defaultConfigurationName = Release;
		};
		06B3C41B1FA7E88600D02947 /* Build configuration list for PBXNativeTarget "greenBook" */ = {
			isa = XCConfigurationList;
			buildConfigurations = (
				06B3C41C1FA7E88600D02947 /* Debug */,
				06B3C41D1FA7E88600D02947 /* Release */,
			);
			defaultConfigurationIsVisible = 0;
			defaultConfigurationName = Release;
		};
/* End XCConfigurationList section */
	};
	rootObject = 06B3C4011FA7E88500D02947 /* Project object */;
}
